// !$*UTF8*$!
{
	archiveVersion = 1;
	classes = {
	};
	objectVersion = 56;
	objects = {

/* Begin PBXBuildFile section */
		0331A04008348ED8018E9CF3 /* OnboardingModel.swift in Sources */ = {isa = PBXBuildFile; fileRef = 887A0F578E4D49C883F09CFC /* OnboardingModel.swift */; };
		07F6413F9533FEF15BA99BAA /* HomeHeaderView.swift in Sources */ = {isa = PBXBuildFile; fileRef = E79942CA8AAF790FAAB46549 /* HomeHeaderView.swift */; };
		10FD496F83C5D82F456A2E49 /* HomeService.swift in Sources */ = {isa = PBXBuildFile; fileRef = EF054ACBB17631B2AD23F645 /* HomeService.swift */; };
		182CCAF12EFEFBD800C451D5 /* AppDelegate.swift in Sources */ = {isa = PBXBuildFile; fileRef = 182CCAF02EFEFBD800C451D5 /* AppDelegate.swift */; };
		182CCAF32EFEFBD800C451D5 /* SceneDelegate.swift in Sources */ = {isa = PBXBuildFile; fileRef = 182CCAF22EFEFBD800C451D5 /* SceneDelegate.swift */; };
		182CCAFA2EFEFBD900C451D5 /* Assets.xcassets in Resources */ = {isa = PBXBuildFile; fileRef = 182CCAF92EFEFBD900C451D5 /* Assets.xcassets */; };
		182CCAFD2EFEFBD900C451D5 /* LaunchScreen.storyboard in Resources */ = {isa = PBXBuildFile; fileRef = 182CCAFB2EFEFBD900C451D5 /* LaunchScreen.storyboard */; };
		182CCB052EFEFBD900C451D5 /* AppCoordinator.swift in Sources */ = {isa = PBXBuildFile; fileRef = 182CCB062EFEFBD900C451D5 /* AppCoordinator.swift */; };
		182CCB0F2EFEFBD900C451D5 /* ViewProtocol.swift in Sources */ = {isa = PBXBuildFile; fileRef = 182CCB102EFEFBD900C451D5 /* ViewProtocol.swift */; };
		182CCB112EFEFBD900C451D5 /* PresenterProtocol.swift in Sources */ = {isa = PBXBuildFile; fileRef = 182CCB122EFEFBD900C451D5 /* PresenterProtocol.swift */; };
		182CCB132EFEFBD900C451D5 /* ViewModelFactoryProtocol.swift in Sources */ = {isa = PBXBuildFile; fileRef = 182CCB142EFEFBD900C451D5 /* ViewModelFactoryProtocol.swift */; };
		182CCB152EFEFBD900C451D5 /* ViewModel.swift in Sources */ = {isa = PBXBuildFile; fileRef = 182CCB162EFEFBD900C451D5 /* ViewModel.swift */; };
		182CCB172EFEFBD900C451D5 /* AssemblyProtocol.swift in Sources */ = {isa = PBXBuildFile; fileRef = 182CCB182EFEFBD900C451D5 /* AssemblyProtocol.swift */; };
		182CCB242EFEFBD900C451D5 /* RequestProcessor.swift in Sources */ = {isa = PBXBuildFile; fileRef = 182CCB252EFEFBD900C451D5 /* RequestProcessor.swift */; };
		182CCB262EFEFBD900C451D5 /* MainFlowController.swift in Sources */ = {isa = PBXBuildFile; fileRef = 182CCB272EFEFBD900C451D5 /* MainFlowController.swift */; };
		182CCB282EFEFBD900C451D5 /* EventDetailsAssembly.swift in Sources */ = {isa = PBXBuildFile; fileRef = 182CCB292EFEFBD900C451D5 /* EventDetailsAssembly.swift */; };
		182CCB2A2EFEFBD900C451D5 /* EventDetailsModel.swift in Sources */ = {isa = PBXBuildFile; fileRef = 182CCB2B2EFEFBD900C451D5 /* EventDetailsModel.swift */; };
		182CCB2C2EFEFBD900C451D5 /* EventDetailsService.swift in Sources */ = {isa = PBXBuildFile; fileRef = 182CCB2D2EFEFBD900C451D5 /* EventDetailsService.swift */; };
		182CCB2E2EFEFBD900C451D5 /* EventDetailsPresenter.swift in Sources */ = {isa = PBXBuildFile; fileRef = 182CCB2F2EFEFBD900C451D5 /* EventDetailsPresenter.swift */; };
		182CCB302EFEFBD900C451D5 /* EventDetailsViewModelFactory.swift in Sources */ = {isa = PBXBuildFile; fileRef = 182CCB312EFEFBD900C451D5 /* EventDetailsViewModelFactory.swift */; };
		182CCB322EFEFBD900C451D5 /* EventDetailsViewModels.swift in Sources */ = {isa = PBXBuildFile; fileRef = 182CCB332EFEFBD900C451D5 /* EventDetailsViewModels.swift */; };
		182CCB342EFEFBD900C451D5 /* EventDetailsViewController.swift in Sources */ = {isa = PBXBuildFile; fileRef = 182CCB352EFEFBD900C451D5 /* EventDetailsViewController.swift */; };
		182CCB382EFEFBD900C451D5 /* ParticipantCell.swift in Sources */ = {isa = PBXBuildFile; fileRef = 182CCB392EFEFBD900C451D5 /* ParticipantCell.swift */; };
		182CCB3C2EFEFBD900C451D5 /* ParticipantsSectionView.swift in Sources */ = {isa = PBXBuildFile; fileRef = 182CCB3D2EFEFBD900C451D5 /* ParticipantsSectionView.swift */; };
		182CCB3E2EFEFBD900C451D5 /* CustomAlertViewController.swift in Sources */ = {isa = PBXBuildFile; fileRef = 182CCB3F2EFEFBD900C451D5 /* CustomAlertViewController.swift */; };
		182CCB4C2EFEFBD900C451D5 /* DependencyContainer.swift in Sources */ = {isa = PBXBuildFile; fileRef = 182CCB4D2EFEFBD900C451D5 /* DependencyContainer.swift */; };
		182CCB502EFEFBD900C451D5 /* EventHeaderView.swift in Sources */ = {isa = PBXBuildFile; fileRef = 182CCB512EFEFBD900C451D5 /* EventHeaderView.swift */; };
		182CCB522EFEFBD900C451D5 /* EventInfoSectionView.swift in Sources */ = {isa = PBXBuildFile; fileRef = 182CCB532EFEFBD900C451D5 /* EventInfoSectionView.swift */; };
		182CCB542EFEFBD900C451D5 /* EventDescriptionView.swift in Sources */ = {isa = PBXBuildFile; fileRef = 182CCB552EFEFBD900C451D5 /* EventDescriptionView.swift */; };
		182CCB562EFEFBD900C451D5 /* EventActionButtonView.swift in Sources */ = {isa = PBXBuildFile; fileRef = 182CCB572EFEFBD900C451D5 /* EventActionButtonView.swift */; };
		182CCB602EFEFBD900C451D5 /* NewEventAssembly.swift in Sources */ = {isa = PBXBuildFile; fileRef = 182CCB612EFEFBD900C451D5 /* NewEventAssembly.swift */; };
		182CCB622EFEFBD900C451D5 /* CreateEventDTO.swift in Sources */ = {isa = PBXBuildFile; fileRef = 182CCB632EFEFBD900C451D5 /* CreateEventDTO.swift */; };
		182CCB642EFEFBD900C451D5 /* NewEventService.swift in Sources */ = {isa = PBXBuildFile; fileRef = 182CCB652EFEFBD900C451D5 /* NewEventService.swift */; };
		182CCB662EFEFBD900C451D5 /* NewEventPresenter.swift in Sources */ = {isa = PBXBuildFile; fileRef = 182CCB672EFEFBD900C451D5 /* NewEventPresenter.swift */; };
		182CCB682EFEFBD900C451D5 /* NewEventViewModelFactory.swift in Sources */ = {isa = PBXBuildFile; fileRef = 182CCB692EFEFBD900C451D5 /* NewEventViewModelFactory.swift */; };
		182CCB6A2EFEFBD900C451D5 /* NewEventViewModels.swift in Sources */ = {isa = PBXBuildFile; fileRef = 182CCB6B2EFEFBD900C451D5 /* NewEventViewModels.swift */; };
		182CCB6C2EFEFBD900C451D5 /* NewEventViewController.swift in Sources */ = {isa = PBXBuildFile; fileRef = 182CCB6D2EFEFBD900C451D5 /* NewEventViewController.swift */; };
		182CCB6E2EFEFBD900C451D5 /* FormTextFieldView.swift in Sources */ = {isa = PBXBuildFile; fileRef = 182CCB6F2EFEFBD900C451D5 /* FormTextFieldView.swift */; };
		182CCB702EFEFBD900C451D5 /* FormDateFieldView.swift in Sources */ = {isa = PBXBuildFile; fileRef = 182CCB712EFEFBD900C451D5 /* FormDateFieldView.swift */; };
		182CCB722EFEFBD900C451D5 /* FormTimeFieldView.swift in Sources */ = {isa = PBXBuildFile; fileRef = 182CCB732EFEFBD900C451D5 /* FormTimeFieldView.swift */; };
		182CCB742EFEFBD900C451D5 /* FormStepperFieldView.swift in Sources */ = {isa = PBXBuildFile; fileRef = 182CCB752EFEFBD900C451D5 /* FormStepperFieldView.swift */; };
		182CCB762EFEFBD900C451D5 /* FormSubmitButtonView.swift in Sources */ = {isa = PBXBuildFile; fileRef = 182CCB772EFEFBD900C451D5 /* FormSubmitButtonView.swift */; };
		18EAC5D62F2D7B2F00B7D56F /* SnapKit in Frameworks */ = {isa = PBXBuildFile; productRef = 18EAC5D52F2D7B2F00B7D56F /* SnapKit */; };
		296B9804F7785CFB9E63ED05 /* KeychainService.swift in Sources */ = {isa = PBXBuildFile; fileRef = 7E8954254DB037581D0FBD2E /* KeychainService.swift */; };
		2C9949F4AFF452EC8A1447E8 /* EmptyStateView.swift in Sources */ = {isa = PBXBuildFile; fileRef = 013D48BE88243637C00CB478 /* EmptyStateView.swift */; };
		37B2B5D5D0D02CFB0CBCD594 /* RegisterViewModels.swift in Sources */ = {isa = PBXBuildFile; fileRef = D555C10233F4B6D16C48CC9B /* RegisterViewModels.swift */; };
		3A21765E8D8CBB5F10B1517B /* OnboardingViewModelFactory.swift in Sources */ = {isa = PBXBuildFile; fileRef = D51EEFF51698E0AF6B7FED3A /* OnboardingViewModelFactory.swift */; };
		4E02BC651EECB343FB0B1E0F /* OnboardingPresenter.swift in Sources */ = {isa = PBXBuildFile; fileRef = 249531BEF998041D64E4D91A /* OnboardingPresenter.swift */; };
		4FAB7AA4F8C033A066643022 /* AuthAssembly.swift in Sources */ = {isa = PBXBuildFile; fileRef = A0E3F7301962E2142952EDB9 /* AuthAssembly.swift */; };
		5E729E98872F2015B8A8B771 /* AuthPresenter.swift in Sources */ = {isa = PBXBuildFile; fileRef = 934A839BE9F0B4590AEFDECB /* AuthPresenter.swift */; };
		62BAAC372B687BA4F5F4C55C /* OnboardingViewController.swift in Sources */ = {isa = PBXBuildFile; fileRef = E6D25D8E302B6902A362AAC7 /* OnboardingViewController.swift */; };
		6840439B99E5A9656535990B /* TabSelectorView.swift in Sources */ = {isa = PBXBuildFile; fileRef = 6885462DA21956849F8992D4 /* TabSelectorView.swift */; };
		68CF4A43860446844842AAA0 /* HomeAssembly.swift in Sources */ = {isa = PBXBuildFile; fileRef = 04FF44AB99896636A52AC905 /* HomeAssembly.swift */; };
		705943B239C1B6FDABF746E2 /* AuthModel.swift in Sources */ = {isa = PBXBuildFile; fileRef = 257536F8DB432DE5DB95F19B /* AuthModel.swift */; };
		72F94A82AEA66A2B66079466 /* HomeViewModelFactory.swift in Sources */ = {isa = PBXBuildFile; fileRef = 7DE84D2885C949E1ACC6D435 /* HomeViewModelFactory.swift */; };
		732F4BF282A526B20BB2B36E /* EventCardCell.swift in Sources */ = {isa = PBXBuildFile; fileRef = B50C419F8240B6354EEB8E05 /* EventCardCell.swift */; };
		784F44419FED32119935EDBC /* SectionHeaderView.swift in Sources */ = {isa = PBXBuildFile; fileRef = CC7E4435A176744C31068E66 /* SectionHeaderView.swift */; };
		7FBAED3871B39FCD08198E0B /* RegisterViewController.swift in Sources */ = {isa = PBXBuildFile; fileRef = 808B1422021CE0B951211016 /* RegisterViewController.swift */; };
		8423264E7D3616EC743C59B2 /* AuthService.swift in Sources */ = {isa = PBXBuildFile; fileRef = E40A1D5BE983FE026A6DE86C /* AuthService.swift */; };
		8525FB3A35B575E41A52F428 /* TokenStorage.swift in Sources */ = {isa = PBXBuildFile; fileRef = 260395BAE29FBB2DA68D428D /* TokenStorage.swift */; };
		8C324D85B9D73093AE0FF8FD /* HomeModel.swift in Sources */ = {isa = PBXBuildFile; fileRef = 547E4146951C538A763CB2AE /* HomeModel.swift */; };
		90CD747D0C0CDDC5E28B410E /* AuthViewModelFactory.swift in Sources */ = {isa = PBXBuildFile; fileRef = A659A3B6CC566A04E6E5078F /* AuthViewModelFactory.swift */; };
		96E07F27B8B52C6F73754DB6 /* RegisterPresenter.swift in Sources */ = {isa = PBXBuildFile; fileRef = BE47BAE5EFFD779544F7433E /* RegisterPresenter.swift */; };
		97464A9CB736B942E0ACE5F6 /* HomePresenter.swift in Sources */ = {isa = PBXBuildFile; fileRef = 58F74B9CB7B76CBB97CA069F /* HomePresenter.swift */; };
		9FDC9D7009965307D1AE3753 /* OnboardingAssembly.swift in Sources */ = {isa = PBXBuildFile; fileRef = FE014A2A624E86BB473854DC /* OnboardingAssembly.swift */; };
		A1A34F1B87957724F7802EFA /* CreateEventButton.swift in Sources */ = {isa = PBXBuildFile; fileRef = 978A40D4AF02BAEFBC51A6D6 /* CreateEventButton.swift */; };
		A1B2C3D4E5F60718A9B0C1D2 /* CreateEventButtonCell.swift in Sources */ = {isa = PBXBuildFile; fileRef = D3E4F5A6B7C80921E2F3A4B5 /* CreateEventButtonCell.swift */; };
		A61A4D208F83DB890E8E83D2 /* RegisterModel.swift in Sources */ = {isa = PBXBuildFile; fileRef = D84889CEB1BB9C3EC55AEFA2 /* RegisterModel.swift */; };
		AA11BB22CC33DD44EE55FF66 /* LogoutAlertViewController.swift in Sources */ = {isa = PBXBuildFile; fileRef = FF66EE55DD44CC33BB22AA11 /* LogoutAlertViewController.swift */; };
		B73B4D07AB841D4D62508DBE /* HomeViewModels.swift in Sources */ = {isa = PBXBuildFile; fileRef = AAF846FF9E9866E4E31D2457 /* HomeViewModels.swift */; };
		B7E1F2A3C4D5061829304151 /* LogoutService.swift in Sources */ = {isa = PBXBuildFile; fileRef = B7E1F2A3C4D5061829304150 /* LogoutService.swift */; };
		BA3567A2C913F4640A9A7820 /* RegisterViewModelFactory.swift in Sources */ = {isa = PBXBuildFile; fileRef = D44BFC9232760DD873ADCAA5 /* RegisterViewModelFactory.swift */; };
		BC843A313E2A7A037FF5B4CD /* AuthViewModels.swift in Sources */ = {isa = PBXBuildFile; fileRef = D5CB99E49BAC8C1FA55D5427 /* AuthViewModels.swift */; };
		BCC7EF51295947868CB40F63 /* AuthViewController.swift in Sources */ = {isa = PBXBuildFile; fileRef = A17A7602B6E6B273934A3CF6 /* AuthViewController.swift */; };
		C0A1F2E3D4B5A6978890ABCE /* PasswordPolicy.swift in Sources */ = {isa = PBXBuildFile; fileRef = C0A1F2E3D4B5A6978890ABCD /* PasswordPolicy.swift */; };
		C4515E988104DF93BADE2090 /* OnboardingViewModels.swift in Sources */ = {isa = PBXBuildFile; fileRef = 56557109BC5D00C75E777188 /* OnboardingViewModels.swift */; };
		E999FD00CA10B9ED57FD6780 /* RegisterAssembly.swift in Sources */ = {isa = PBXBuildFile; fileRef = 42E16933044C39330212777E /* RegisterAssembly.swift */; };
		EA6767A38F4E3A9814642C13 /* RegisterService.swift in Sources */ = {isa = PBXBuildFile; fileRef = 955B63B3B69273ABA6F58F35 /* RegisterService.swift */; };
		F3546FB2E64187D37928BB6C /* SplashViewController.swift in Sources */ = {isa = PBXBuildFile; fileRef = 0477B306B2414508E246C6DF /* SplashViewController.swift */; };
		F98F41EBA5F510C3AE79C2B2 /* HomeViewController.swift in Sources */ = {isa = PBXBuildFile; fileRef = 66F644FBA781D0A075353B51 /* HomeViewController.swift */; };
/* End PBXBuildFile section */

/* Begin PBXFileReference section */
		013D48BE88243637C00CB478 /* EmptyStateView.swift */ = {isa = PBXFileReference; lastKnownFileType = sourcecode.swift; path = EmptyStateView.swift; sourceTree = "<group>"; };
		0477B306B2414508E246C6DF /* SplashViewController.swift */ = {isa = PBXFileReference; lastKnownFileType = sourcecode.swift; path = SplashViewController.swift; sourceTree = "<group>"; };
		04FF44AB99896636A52AC905 /* HomeAssembly.swift */ = {isa = PBXFileReference; lastKnownFileType = sourcecode.swift; path = HomeAssembly.swift; sourceTree = "<group>"; };
		182CCAED2EFEFBD800C451D5 /* VolleyMe.app */ = {isa = PBXFileReference; explicitFileType = wrapper.application; includeInIndex = 0; path = VolleyMe.app; sourceTree = BUILT_PRODUCTS_DIR; };
		182CCAF02EFEFBD800C451D5 /* AppDelegate.swift */ = {isa = PBXFileReference; lastKnownFileType = sourcecode.swift; path = AppDelegate.swift; sourceTree = "<group>"; };
		182CCAF22EFEFBD800C451D5 /* SceneDelegate.swift */ = {isa = PBXFileReference; lastKnownFileType = sourcecode.swift; path = SceneDelegate.swift; sourceTree = "<group>"; };
		182CCAF92EFEFBD900C451D5 /* Assets.xcassets */ = {isa = PBXFileReference; lastKnownFileType = folder.assetcatalog; path = Assets.xcassets; sourceTree = "<group>"; };
		182CCAFC2EFEFBD900C451D5 /* Base */ = {isa = PBXFileReference; lastKnownFileType = file.storyboard; name = Base; path = Base.lproj/LaunchScreen.storyboard; sourceTree = "<group>"; };
		182CCAFE2EFEFBD900C451D5 /* Info.plist */ = {isa = PBXFileReference; lastKnownFileType = text.plist.xml; path = Info.plist; sourceTree = "<group>"; };
		182CCB062EFEFBD900C451D5 /* AppCoordinator.swift */ = {isa = PBXFileReference; lastKnownFileType = sourcecode.swift; path = AppCoordinator.swift; sourceTree = "<group>"; };
		182CCB102EFEFBD900C451D5 /* ViewProtocol.swift */ = {isa = PBXFileReference; lastKnownFileType = sourcecode.swift; path = ViewProtocol.swift; sourceTree = "<group>"; };
		182CCB122EFEFBD900C451D5 /* PresenterProtocol.swift */ = {isa = PBXFileReference; lastKnownFileType = sourcecode.swift; path = PresenterProtocol.swift; sourceTree = "<group>"; };
		182CCB142EFEFBD900C451D5 /* ViewModelFactoryProtocol.swift */ = {isa = PBXFileReference; lastKnownFileType = sourcecode.swift; path = ViewModelFactoryProtocol.swift; sourceTree = "<group>"; };
		182CCB162EFEFBD900C451D5 /* ViewModel.swift */ = {isa = PBXFileReference; lastKnownFileType = sourcecode.swift; path = ViewModel.swift; sourceTree = "<group>"; };
		182CCB182EFEFBD900C451D5 /* AssemblyProtocol.swift */ = {isa = PBXFileReference; lastKnownFileType = sourcecode.swift; path = AssemblyProtocol.swift; sourceTree = "<group>"; };
		182CCB252EFEFBD900C451D5 /* RequestProcessor.swift */ = {isa = PBXFileReference; lastKnownFileType = sourcecode.swift; path = RequestProcessor.swift; sourceTree = "<group>"; };
		182CCB272EFEFBD900C451D5 /* MainFlowController.swift */ = {isa = PBXFileReference; lastKnownFileType = sourcecode.swift; path = MainFlowController.swift; sourceTree = "<group>"; };
		182CCB292EFEFBD900C451D5 /* EventDetailsAssembly.swift */ = {isa = PBXFileReference; lastKnownFileType = sourcecode.swift; path = EventDetailsAssembly.swift; sourceTree = "<group>"; };
		182CCB2B2EFEFBD900C451D5 /* EventDetailsModel.swift */ = {isa = PBXFileReference; lastKnownFileType = sourcecode.swift; path = EventDetailsModel.swift; sourceTree = "<group>"; };
		182CCB2D2EFEFBD900C451D5 /* EventDetailsService.swift */ = {isa = PBXFileReference; lastKnownFileType = sourcecode.swift; path = EventDetailsService.swift; sourceTree = "<group>"; };
		182CCB2F2EFEFBD900C451D5 /* EventDetailsPresenter.swift */ = {isa = PBXFileReference; lastKnownFileType = sourcecode.swift; path = EventDetailsPresenter.swift; sourceTree = "<group>"; };
		182CCB312EFEFBD900C451D5 /* EventDetailsViewModelFactory.swift */ = {isa = PBXFileReference; lastKnownFileType = sourcecode.swift; path = EventDetailsViewModelFactory.swift; sourceTree = "<group>"; };
		182CCB332EFEFBD900C451D5 /* EventDetailsViewModels.swift */ = {isa = PBXFileReference; lastKnownFileType = sourcecode.swift; path = EventDetailsViewModels.swift; sourceTree = "<group>"; };
		182CCB352EFEFBD900C451D5 /* EventDetailsViewController.swift */ = {isa = PBXFileReference; lastKnownFileType = sourcecode.swift; path = EventDetailsViewController.swift; sourceTree = "<group>"; };
		182CCB392EFEFBD900C451D5 /* ParticipantCell.swift */ = {isa = PBXFileReference; lastKnownFileType = sourcecode.swift; path = ParticipantCell.swift; sourceTree = "<group>"; };
		182CCB3D2EFEFBD900C451D5 /* ParticipantsSectionView.swift */ = {isa = PBXFileReference; lastKnownFileType = sourcecode.swift; path = ParticipantsSectionView.swift; sourceTree = "<group>"; };
		182CCB3F2EFEFBD900C451D5 /* CustomAlertViewController.swift */ = {isa = PBXFileReference; lastKnownFileType = sourcecode.swift; path = CustomAlertViewController.swift; sourceTree = "<group>"; };
		182CCB4D2EFEFBD900C451D5 /* DependencyContainer.swift */ = {isa = PBXFileReference; lastKnownFileType = sourcecode.swift; path = DependencyContainer.swift; sourceTree = "<group>"; };
		182CCB512EFEFBD900C451D5 /* EventHeaderView.swift */ = {isa = PBXFileReference; lastKnownFileType = sourcecode.swift; path = EventHeaderView.swift; sourceTree = "<group>"; };
		182CCB532EFEFBD900C451D5 /* EventInfoSectionView.swift */ = {isa = PBXFileReference; lastKnownFileType = sourcecode.swift; path = EventInfoSectionView.swift; sourceTree = "<group>"; };
		182CCB552EFEFBD900C451D5 /* EventDescriptionView.swift */ = {isa = PBXFileReference; lastKnownFileType = sourcecode.swift; path = EventDescriptionView.swift; sourceTree = "<group>"; };
		182CCB572EFEFBD900C451D5 /* EventActionButtonView.swift */ = {isa = PBXFileReference; lastKnownFileType = sourcecode.swift; path = EventActionButtonView.swift; sourceTree = "<group>"; };
		182CCB612EFEFBD900C451D5 /* NewEventAssembly.swift */ = {isa = PBXFileReference; lastKnownFileType = sourcecode.swift; path = NewEventAssembly.swift; sourceTree = "<group>"; };
		182CCB632EFEFBD900C451D5 /* CreateEventDTO.swift */ = {isa = PBXFileReference; lastKnownFileType = sourcecode.swift; path = CreateEventDTO.swift; sourceTree = "<group>"; };
		182CCB652EFEFBD900C451D5 /* NewEventService.swift */ = {isa = PBXFileReference; lastKnownFileType = sourcecode.swift; path = NewEventService.swift; sourceTree = "<group>"; };
		182CCB672EFEFBD900C451D5 /* NewEventPresenter.swift */ = {isa = PBXFileReference; lastKnownFileType = sourcecode.swift; path = NewEventPresenter.swift; sourceTree = "<group>"; };
		182CCB692EFEFBD900C451D5 /* NewEventViewModelFactory.swift */ = {isa = PBXFileReference; lastKnownFileType = sourcecode.swift; path = NewEventViewModelFactory.swift; sourceTree = "<group>"; };
		182CCB6B2EFEFBD900C451D5 /* NewEventViewModels.swift */ = {isa = PBXFileReference; lastKnownFileType = sourcecode.swift; path = NewEventViewModels.swift; sourceTree = "<group>"; };
		182CCB6D2EFEFBD900C451D5 /* NewEventViewController.swift */ = {isa = PBXFileReference; lastKnownFileType = sourcecode.swift; path = NewEventViewController.swift; sourceTree = "<group>"; };
		182CCB6F2EFEFBD900C451D5 /* FormTextFieldView.swift */ = {isa = PBXFileReference; lastKnownFileType = sourcecode.swift; path = FormTextFieldView.swift; sourceTree = "<group>"; };
		182CCB712EFEFBD900C451D5 /* FormDateFieldView.swift */ = {isa = PBXFileReference; lastKnownFileType = sourcecode.swift; path = FormDateFieldView.swift; sourceTree = "<group>"; };
		182CCB732EFEFBD900C451D5 /* FormTimeFieldView.swift */ = {isa = PBXFileReference; lastKnownFileType = sourcecode.swift; path = FormTimeFieldView.swift; sourceTree = "<group>"; };
		182CCB752EFEFBD900C451D5 /* FormStepperFieldView.swift */ = {isa = PBXFileReference; lastKnownFileType = sourcecode.swift; path = FormStepperFieldView.swift; sourceTree = "<group>"; };
		182CCB772EFEFBD900C451D5 /* FormSubmitButtonView.swift */ = {isa = PBXFileReference; lastKnownFileType = sourcecode.swift; path = FormSubmitButtonView.swift; sourceTree = "<group>"; };
		249531BEF998041D64E4D91A /* OnboardingPresenter.swift */ = {isa = PBXFileReference; lastKnownFileType = sourcecode.swift; path = OnboardingPresenter.swift; sourceTree = "<group>"; };
		257536F8DB432DE5DB95F19B /* AuthModel.swift */ = {isa = PBXFileReference; lastKnownFileType = sourcecode.swift; path = AuthModel.swift; sourceTree = "<group>"; };
		260395BAE29FBB2DA68D428D /* TokenStorage.swift */ = {isa = PBXFileReference; lastKnownFileType = sourcecode.swift; path = TokenStorage.swift; sourceTree = "<group>"; };
		42E16933044C39330212777E /* RegisterAssembly.swift */ = {isa = PBXFileReference; lastKnownFileType = sourcecode.swift; path = RegisterAssembly.swift; sourceTree = "<group>"; };
		547E4146951C538A763CB2AE /* HomeModel.swift */ = {isa = PBXFileReference; lastKnownFileType = sourcecode.swift; path = HomeModel.swift; sourceTree = "<group>"; };
		56557109BC5D00C75E777188 /* OnboardingViewModels.swift */ = {isa = PBXFileReference; lastKnownFileType = sourcecode.swift; path = OnboardingViewModels.swift; sourceTree = "<group>"; };
		58F74B9CB7B76CBB97CA069F /* HomePresenter.swift */ = {isa = PBXFileReference; lastKnownFileType = sourcecode.swift; path = HomePresenter.swift; sourceTree = "<group>"; };
		66F644FBA781D0A075353B51 /* HomeViewController.swift */ = {isa = PBXFileReference; lastKnownFileType = sourcecode.swift; path = HomeViewController.swift; sourceTree = "<group>"; };
		6885462DA21956849F8992D4 /* TabSelectorView.swift */ = {isa = PBXFileReference; lastKnownFileType = sourcecode.swift; path = TabSelectorView.swift; sourceTree = "<group>"; };
		7DE84D2885C949E1ACC6D435 /* HomeViewModelFactory.swift */ = {isa = PBXFileReference; lastKnownFileType = sourcecode.swift; path = HomeViewModelFactory.swift; sourceTree = "<group>"; };
		7E8954254DB037581D0FBD2E /* KeychainService.swift */ = {isa = PBXFileReference; lastKnownFileType = sourcecode.swift; path = KeychainService.swift; sourceTree = "<group>"; };
		808B1422021CE0B951211016 /* RegisterViewController.swift */ = {isa = PBXFileReference; lastKnownFileType = sourcecode.swift; path = RegisterViewController.swift; sourceTree = "<group>"; };
		887A0F578E4D49C883F09CFC /* OnboardingModel.swift */ = {isa = PBXFileReference; lastKnownFileType = sourcecode.swift; path = OnboardingModel.swift; sourceTree = "<group>"; };
		934A839BE9F0B4590AEFDECB /* AuthPresenter.swift */ = {isa = PBXFileReference; lastKnownFileType = sourcecode.swift; path = AuthPresenter.swift; sourceTree = "<group>"; };
		955B63B3B69273ABA6F58F35 /* RegisterService.swift */ = {isa = PBXFileReference; lastKnownFileType = sourcecode.swift; path = RegisterService.swift; sourceTree = "<group>"; };
		978A40D4AF02BAEFBC51A6D6 /* CreateEventButton.swift */ = {isa = PBXFileReference; lastKnownFileType = sourcecode.swift; path = CreateEventButton.swift; sourceTree = "<group>"; };
		A0E3F7301962E2142952EDB9 /* AuthAssembly.swift */ = {isa = PBXFileReference; lastKnownFileType = sourcecode.swift; path = AuthAssembly.swift; sourceTree = "<group>"; };
		A17A7602B6E6B273934A3CF6 /* AuthViewController.swift */ = {isa = PBXFileReference; lastKnownFileType = sourcecode.swift; path = AuthViewController.swift; sourceTree = "<group>"; };
		A659A3B6CC566A04E6E5078F /* AuthViewModelFactory.swift */ = {isa = PBXFileReference; lastKnownFileType = sourcecode.swift; path = AuthViewModelFactory.swift; sourceTree = "<group>"; };
		AAF846FF9E9866E4E31D2457 /* HomeViewModels.swift */ = {isa = PBXFileReference; lastKnownFileType = sourcecode.swift; path = HomeViewModels.swift; sourceTree = "<group>"; };
		B50C419F8240B6354EEB8E05 /* EventCardCell.swift */ = {isa = PBXFileReference; lastKnownFileType = sourcecode.swift; path = EventCardCell.swift; sourceTree = "<group>"; };
		B7E1F2A3C4D5061829304150 /* LogoutService.swift */ = {isa = PBXFileReference; lastKnownFileType = sourcecode.swift; path = LogoutService.swift; sourceTree = "<group>"; };
		BE47BAE5EFFD779544F7433E /* RegisterPresenter.swift */ = {isa = PBXFileReference; lastKnownFileType = sourcecode.swift; path = RegisterPresenter.swift; sourceTree = "<group>"; };
		C0A1F2E3D4B5A6978890ABCD /* PasswordPolicy.swift */ = {isa = PBXFileReference; lastKnownFileType = sourcecode.swift; path = PasswordPolicy.swift; sourceTree = "<group>"; };
		CC7E4435A176744C31068E66 /* SectionHeaderView.swift */ = {isa = PBXFileReference; lastKnownFileType = sourcecode.swift; path = SectionHeaderView.swift; sourceTree = "<group>"; };
		D3E4F5A6B7C80921E2F3A4B5 /* CreateEventButtonCell.swift */ = {isa = PBXFileReference; lastKnownFileType = sourcecode.swift; path = CreateEventButtonCell.swift; sourceTree = "<group>"; };
		D44BFC9232760DD873ADCAA5 /* RegisterViewModelFactory.swift */ = {isa = PBXFileReference; lastKnownFileType = sourcecode.swift; path = RegisterViewModelFactory.swift; sourceTree = "<group>"; };
		D51EEFF51698E0AF6B7FED3A /* OnboardingViewModelFactory.swift */ = {isa = PBXFileReference; lastKnownFileType = sourcecode.swift; path = OnboardingViewModelFactory.swift; sourceTree = "<group>"; };
		D555C10233F4B6D16C48CC9B /* RegisterViewModels.swift */ = {isa = PBXFileReference; lastKnownFileType = sourcecode.swift; path = RegisterViewModels.swift; sourceTree = "<group>"; };
		D5CB99E49BAC8C1FA55D5427 /* AuthViewModels.swift */ = {isa = PBXFileReference; lastKnownFileType = sourcecode.swift; path = AuthViewModels.swift; sourceTree = "<group>"; };
		D84889CEB1BB9C3EC55AEFA2 /* RegisterModel.swift */ = {isa = PBXFileReference; lastKnownFileType = sourcecode.swift; path = RegisterModel.swift; sourceTree = "<group>"; };
		E40A1D5BE983FE026A6DE86C /* AuthService.swift */ = {isa = PBXFileReference; lastKnownFileType = sourcecode.swift; path = AuthService.swift; sourceTree = "<group>"; };
		E6D25D8E302B6902A362AAC7 /* OnboardingViewController.swift */ = {isa = PBXFileReference; lastKnownFileType = sourcecode.swift; path = OnboardingViewController.swift; sourceTree = "<group>"; };
		E79942CA8AAF790FAAB46549 /* HomeHeaderView.swift */ = {isa = PBXFileReference; lastKnownFileType = sourcecode.swift; path = HomeHeaderView.swift; sourceTree = "<group>"; };
		EF054ACBB17631B2AD23F645 /* HomeService.swift */ = {isa = PBXFileReference; lastKnownFileType = sourcecode.swift; path = HomeService.swift; sourceTree = "<group>"; };
		FE014A2A624E86BB473854DC /* OnboardingAssembly.swift */ = {isa = PBXFileReference; lastKnownFileType = sourcecode.swift; path = OnboardingAssembly.swift; sourceTree = "<group>"; };
		FF66EE55DD44CC33BB22AA11 /* LogoutAlertViewController.swift */ = {isa = PBXFileReference; lastKnownFileType = sourcecode.swift; path = LogoutAlertViewController.swift; sourceTree = "<group>"; };
/* End PBXFileReference section */

/* Begin PBXFrameworksBuildPhase section */
		182CCAEA2EFEFBD800C451D5 /* Frameworks */ = {
			isa = PBXFrameworksBuildPhase;
			buildActionMask = 2147483647;
			files = (
				18EAC5D62F2D7B2F00B7D56F /* SnapKit in Frameworks */,
			);
			runOnlyForDeploymentPostprocessing = 0;
		};
/* End PBXFrameworksBuildPhase section */

/* Begin PBXGroup section */
		0946BA5416C5CB4E6E44AAC6 /* Presenter */ = {
			isa = PBXGroup;
			children = (
				BE47BAE5EFFD779544F7433E /* RegisterPresenter.swift */,
			);
			path = Presenter;
			sourceTree = "<group>";
		};
		0986BBC42CA2E98DA6D3E86B /* Service */ = {
			isa = PBXGroup;
			children = (
				EF054ACBB17631B2AD23F645 /* HomeService.swift */,
			);
			path = Service;
			sourceTree = "<group>";
		};
		182CCAE42EFEFBD800C451D5 = {
			isa = PBXGroup;
			children = (
				182CCAEF2EFEFBD800C451D5 /* VolleyMe */,
				182CCAEE2EFEFBD800C451D5 /* Products */,
			);
			sourceTree = "<group>";
		};
		182CCAEE2EFEFBD800C451D5 /* Products */ = {
			isa = PBXGroup;
			children = (
				182CCAED2EFEFBD800C451D5 /* VolleyMe.app */,
			);
			name = Products;
			sourceTree = "<group>";
		};
		182CCAEF2EFEFBD800C451D5 /* VolleyMe */ = {
			isa = PBXGroup;
			children = (
				182CCB402EFEFBD900C451D5 /* App */,
				182CCB192EFEFBD900C451D5 /* Core */,
				182CCB1A2EFEFBD900C451D5 /* Presentation */,
				182CCAF02EFEFBD800C451D5 /* AppDelegate.swift */,
				182CCAF22EFEFBD800C451D5 /* SceneDelegate.swift */,
				182CCAF92EFEFBD900C451D5 /* Assets.xcassets */,
				182CCAFB2EFEFBD900C451D5 /* LaunchScreen.storyboard */,
				182CCAFE2EFEFBD900C451D5 /* Info.plist */,
			);
			path = VolleyMe;
			sourceTree = "<group>";
		};
		182CCB192EFEFBD900C451D5 /* Core */ = {
			isa = PBXGroup;
			children = (
				8D7E104D48DF3D66572CD617 /* Auth */,
				182CCB1B2EFEFBD900C451D5 /* Coordinator */,
				182CCB4E2EFEFBD900C451D5 /* DI */,
				182CCB412EFEFBD900C451D5 /* Network */,
			);
			path = Core;
			sourceTree = "<group>";
		};
		182CCB1A2EFEFBD900C451D5 /* Presentation */ = {
			isa = PBXGroup;
			children = (
				182CCB1E2EFEFBD900C451D5 /* MVP */,
				182CCB1F2EFEFBD900C451D5 /* Assembly */,
			);
			path = Presentation;
			sourceTree = "<group>";
		};
		182CCB1B2EFEFBD900C451D5 /* Coordinator */ = {
			isa = PBXGroup;
			children = (
				182CCB062EFEFBD900C451D5 /* AppCoordinator.swift */,
			);
			path = Coordinator;
			sourceTree = "<group>";
		};
		182CCB1E2EFEFBD900C451D5 /* MVP */ = {
			isa = PBXGroup;
			children = (
				182CCB202EFEFBD900C451D5 /* View */,
				182CCB212EFEFBD900C451D5 /* Presenter */,
				182CCB222EFEFBD900C451D5 /* Model */,
			);
			path = MVP;
			sourceTree = "<group>";
		};
		182CCB1F2EFEFBD900C451D5 /* Assembly */ = {
			isa = PBXGroup;
			children = (
				182CCB182EFEFBD900C451D5 /* AssemblyProtocol.swift */,
			);
			path = Assembly;
			sourceTree = "<group>";
		};
		182CCB202EFEFBD900C451D5 /* View */ = {
			isa = PBXGroup;
			children = (
				182CCB102EFEFBD900C451D5 /* ViewProtocol.swift */,
			);
			path = View;
			sourceTree = "<group>";
		};
		182CCB212EFEFBD900C451D5 /* Presenter */ = {
			isa = PBXGroup;
			children = (
				182CCB122EFEFBD900C451D5 /* PresenterProtocol.swift */,
				182CCB142EFEFBD900C451D5 /* ViewModelFactoryProtocol.swift */,
			);
			path = Presenter;
			sourceTree = "<group>";
		};
		182CCB222EFEFBD900C451D5 /* Model */ = {
			isa = PBXGroup;
			children = (
				182CCB162EFEFBD900C451D5 /* ViewModel.swift */,
			);
			path = Model;
			sourceTree = "<group>";
		};
		182CCB402EFEFBD900C451D5 /* App */ = {
			isa = PBXGroup;
			children = (
				182CCB422EFEFBD900C451D5 /* MainFlowController */,
				182CCB432EFEFBD900C451D5 /* EventDetailsScreen */,
				182CCB7A2EFEFBD900C451D5 /* NewEventScreen */,
				C31A0B3731D757F7AE6359D3 /* HomeScreen */,
				252179D5A16AD59819495A03 /* SplashScreen */,
				B21B5A14BC9CB7D21D7579CD /* OnboardingScreen */,
				B670EED564FD4756C84EA317 /* AuthScreen */,
				68D77FC3A193242D72D54311 /* RegisterScreen */,
			);
			path = App;
			sourceTree = "<group>";
		};
		182CCB412EFEFBD900C451D5 /* Network */ = {
			isa = PBXGroup;
			children = (
				182CCB252EFEFBD900C451D5 /* RequestProcessor.swift */,
			);
			path = Network;
			sourceTree = "<group>";
		};
		182CCB422EFEFBD900C451D5 /* MainFlowController */ = {
			isa = PBXGroup;
			children = (
				182CCB272EFEFBD900C451D5 /* MainFlowController.swift */,
			);
			path = MainFlowController;
			sourceTree = "<group>";
		};
		182CCB432EFEFBD900C451D5 /* EventDetailsScreen */ = {
			isa = PBXGroup;
			children = (
				182CCB292EFEFBD900C451D5 /* EventDetailsAssembly.swift */,
				182CCB442EFEFBD900C451D5 /* Model */,
				182CCB452EFEFBD900C451D5 /* Service */,
				182CCB462EFEFBD900C451D5 /* Presenter */,
				182CCB472EFEFBD900C451D5 /* ViewModelFactory */,
				182CCB482EFEFBD900C451D5 /* View */,
			);
			path = EventDetailsScreen;
			sourceTree = "<group>";
		};
		182CCB442EFEFBD900C451D5 /* Model */ = {
			isa = PBXGroup;
			children = (
				182CCB2B2EFEFBD900C451D5 /* EventDetailsModel.swift */,
			);
			path = Model;
			sourceTree = "<group>";
		};
		182CCB452EFEFBD900C451D5 /* Service */ = {
			isa = PBXGroup;
			children = (
				182CCB2D2EFEFBD900C451D5 /* EventDetailsService.swift */,
			);
			path = Service;
			sourceTree = "<group>";
		};
		182CCB462EFEFBD900C451D5 /* Presenter */ = {
			isa = PBXGroup;
			children = (
				182CCB2F2EFEFBD900C451D5 /* EventDetailsPresenter.swift */,
			);
			path = Presenter;
			sourceTree = "<group>";
		};
		182CCB472EFEFBD900C451D5 /* ViewModelFactory */ = {
			isa = PBXGroup;
			children = (
				182CCB312EFEFBD900C451D5 /* EventDetailsViewModelFactory.swift */,
				182CCB492EFEFBD900C451D5 /* ViewModels */,
			);
			path = ViewModelFactory;
			sourceTree = "<group>";
		};
		182CCB482EFEFBD900C451D5 /* View */ = {
			isa = PBXGroup;
			children = (
				182CCB352EFEFBD900C451D5 /* EventDetailsViewController.swift */,
				182CCB582EFEFBD900C451D5 /* Views */,
				182CCB4A2EFEFBD900C451D5 /* Cells */,
				182CCB4B2EFEFBD900C451D5 /* Components */,
			);
			path = View;
			sourceTree = "<group>";
		};
		182CCB492EFEFBD900C451D5 /* ViewModels */ = {
			isa = PBXGroup;
			children = (
				182CCB332EFEFBD900C451D5 /* EventDetailsViewModels.swift */,
			);
			path = ViewModels;
			sourceTree = "<group>";
		};
		182CCB4A2EFEFBD900C451D5 /* Cells */ = {
			isa = PBXGroup;
			children = (
				182CCB392EFEFBD900C451D5 /* ParticipantCell.swift */,
			);
			path = Cells;
			sourceTree = "<group>";
		};
		182CCB4B2EFEFBD900C451D5 /* Components */ = {
			isa = PBXGroup;
			children = (
				182CCB3D2EFEFBD900C451D5 /* ParticipantsSectionView.swift */,
				182CCB3F2EFEFBD900C451D5 /* CustomAlertViewController.swift */,
			);
			path = Components;
			sourceTree = "<group>";
		};
		182CCB4E2EFEFBD900C451D5 /* DI */ = {
			isa = PBXGroup;
			children = (
				182CCB4D2EFEFBD900C451D5 /* DependencyContainer.swift */,
			);
			path = DI;
			sourceTree = "<group>";
		};
		182CCB582EFEFBD900C451D5 /* Views */ = {
			isa = PBXGroup;
			children = (
				182CCB512EFEFBD900C451D5 /* EventHeaderView.swift */,
				182CCB532EFEFBD900C451D5 /* EventInfoSectionView.swift */,
				182CCB552EFEFBD900C451D5 /* EventDescriptionView.swift */,
				182CCB572EFEFBD900C451D5 /* EventActionButtonView.swift */,
			);
			path = Views;
			sourceTree = "<group>";
		};
		182CCB7A2EFEFBD900C451D5 /* NewEventScreen */ = {
			isa = PBXGroup;
			children = (
				182CCB612EFEFBD900C451D5 /* NewEventAssembly.swift */,
				182CCB7B2EFEFBD900C451D5 /* Model */,
				182CCB7C2EFEFBD900C451D5 /* Service */,
				182CCB7D2EFEFBD900C451D5 /* Presenter */,
				182CCB7E2EFEFBD900C451D5 /* ViewModelFactory */,
				182CCB7F2EFEFBD900C451D5 /* View */,
			);
			path = NewEventScreen;
			sourceTree = "<group>";
		};
		182CCB7B2EFEFBD900C451D5 /* Model */ = {
			isa = PBXGroup;
			children = (
				182CCB632EFEFBD900C451D5 /* CreateEventDTO.swift */,
			);
			path = Model;
			sourceTree = "<group>";
		};
		182CCB7C2EFEFBD900C451D5 /* Service */ = {
			isa = PBXGroup;
			children = (
				182CCB652EFEFBD900C451D5 /* NewEventService.swift */,
			);
			path = Service;
			sourceTree = "<group>";
		};
		182CCB7D2EFEFBD900C451D5 /* Presenter */ = {
			isa = PBXGroup;
			children = (
				182CCB672EFEFBD900C451D5 /* NewEventPresenter.swift */,
			);
			path = Presenter;
			sourceTree = "<group>";
		};
		182CCB7E2EFEFBD900C451D5 /* ViewModelFactory */ = {
			isa = PBXGroup;
			children = (
				182CCB692EFEFBD900C451D5 /* NewEventViewModelFactory.swift */,
				182CCB802EFEFBD900C451D5 /* ViewModels */,
			);
			path = ViewModelFactory;
			sourceTree = "<group>";
		};
		182CCB7F2EFEFBD900C451D5 /* View */ = {
			isa = PBXGroup;
			children = (
				182CCB6D2EFEFBD900C451D5 /* NewEventViewController.swift */,
				182CCB812EFEFBD900C451D5 /* Views */,
			);
			path = View;
			sourceTree = "<group>";
		};
		182CCB802EFEFBD900C451D5 /* ViewModels */ = {
			isa = PBXGroup;
			children = (
				182CCB6B2EFEFBD900C451D5 /* NewEventViewModels.swift */,
			);
			path = ViewModels;
			sourceTree = "<group>";
		};
		182CCB812EFEFBD900C451D5 /* Views */ = {
			isa = PBXGroup;
			children = (
				182CCB6F2EFEFBD900C451D5 /* FormTextFieldView.swift */,
				182CCB712EFEFBD900C451D5 /* FormDateFieldView.swift */,
				182CCB732EFEFBD900C451D5 /* FormTimeFieldView.swift */,
				182CCB752EFEFBD900C451D5 /* FormStepperFieldView.swift */,
				182CCB772EFEFBD900C451D5 /* FormSubmitButtonView.swift */,
			);
			path = Views;
			sourceTree = "<group>";
		};
		1BB91C23D5E0ECB38D067FC1 /* Service */ = {
			isa = PBXGroup;
			children = (
				E40A1D5BE983FE026A6DE86C /* AuthService.swift */,
			);
			path = Service;
			sourceTree = "<group>";
		};
		252179D5A16AD59819495A03 /* SplashScreen */ = {
			isa = PBXGroup;
			children = (
				0477B306B2414508E246C6DF /* SplashViewController.swift */,
			);
			path = SplashScreen;
			sourceTree = "<group>";
		};
		2B4CDC0004B7138E4115962F /* ViewModels */ = {
			isa = PBXGroup;
			children = (
				D555C10233F4B6D16C48CC9B /* RegisterViewModels.swift */,
			);
			path = ViewModels;
			sourceTree = "<group>";
		};
		3B04BF920727F33B447F70BB /* Presenter */ = {
			isa = PBXGroup;
			children = (
				249531BEF998041D64E4D91A /* OnboardingPresenter.swift */,
			);
			path = Presenter;
			sourceTree = "<group>";
		};
		441062769007A4BA26173786 /* Presenter */ = {
			isa = PBXGroup;
			children = (
				934A839BE9F0B4590AEFDECB /* AuthPresenter.swift */,
			);
			path = Presenter;
			sourceTree = "<group>";
		};
		5446B85B989DA22FE4DC27EA /* Model */ = {
			isa = PBXGroup;
			children = (
				D84889CEB1BB9C3EC55AEFA2 /* RegisterModel.swift */,
			);
			path = Model;
			sourceTree = "<group>";
		};
		689AA08DD8830AA764FCA465 /* Model */ = {
			isa = PBXGroup;
			children = (
				547E4146951C538A763CB2AE /* HomeModel.swift */,
			);
			path = Model;
			sourceTree = "<group>";
		};
		68D77FC3A193242D72D54311 /* RegisterScreen */ = {
			isa = PBXGroup;
			children = (
				42E16933044C39330212777E /* RegisterAssembly.swift */,
				5446B85B989DA22FE4DC27EA /* Model */,
				E0DA23E19143A4728EC02A69 /* Service */,
				0946BA5416C5CB4E6E44AAC6 /* Presenter */,
				962CC674C72D11D541FA8EC4 /* View */,
				EE385BF56D00EC64F6D01D84 /* ViewModelFactory */,
			);
			path = RegisterScreen;
			sourceTree = "<group>";
		};
		7D3E4CF79AB0A5C6B100A26E /* ViewModels */ = {
			isa = PBXGroup;
			children = (
				D5CB99E49BAC8C1FA55D5427 /* AuthViewModels.swift */,
			);
			path = ViewModels;
			sourceTree = "<group>";
		};
		7F44886F704853E23936DA28 /* Model */ = {
			isa = PBXGroup;
			children = (
				887A0F578E4D49C883F09CFC /* OnboardingModel.swift */,
			);
			path = Model;
			sourceTree = "<group>";
		};
		8D7E104D48DF3D66572CD617 /* Auth */ = {
			isa = PBXGroup;
			children = (
				7E8954254DB037581D0FBD2E /* KeychainService.swift */,
				C0A1F2E3D4B5A6978890ABCD /* PasswordPolicy.swift */,
				B7E1F2A3C4D5061829304150 /* LogoutService.swift */,
				260395BAE29FBB2DA68D428D /* TokenStorage.swift */,
			);
			path = Auth;
			sourceTree = "<group>";
		};
		962CC674C72D11D541FA8EC4 /* View */ = {
			isa = PBXGroup;
			children = (
				808B1422021CE0B951211016 /* RegisterViewController.swift */,
			);
			path = View;
			sourceTree = "<group>";
		};
		AB42E7CF3C434E962C87579F /* ViewModels */ = {
			isa = PBXGroup;
			children = (
				56557109BC5D00C75E777188 /* OnboardingViewModels.swift */,
			);
			path = ViewModels;
			sourceTree = "<group>";
		};
		B21B5A14BC9CB7D21D7579CD /* OnboardingScreen */ = {
			isa = PBXGroup;
			children = (
				FE014A2A624E86BB473854DC /* OnboardingAssembly.swift */,
				7F44886F704853E23936DA28 /* Model */,
				3B04BF920727F33B447F70BB /* Presenter */,
				EA42B928C3C99DF6E00E7020 /* View */,
				D80F93FC9311921348049A4B /* ViewModelFactory */,
			);
			path = OnboardingScreen;
			sourceTree = "<group>";
		};
		B670EED564FD4756C84EA317 /* AuthScreen */ = {
			isa = PBXGroup;
			children = (
				A0E3F7301962E2142952EDB9 /* AuthAssembly.swift */,
				F805120FA6F81F8AB501688C /* Model */,
				1BB91C23D5E0ECB38D067FC1 /* Service */,
				441062769007A4BA26173786 /* Presenter */,
				CFAB78A8D00728A1BEF0FFB9 /* View */,
				DF6D702E357A2BF7D560D1CC /* ViewModelFactory */,
			);
			path = AuthScreen;
			sourceTree = "<group>";
		};
		BBA102B6FCC44D1F1EE1B923 /* Cells */ = {
			isa = PBXGroup;
			children = (
				D3E4F5A6B7C80921E2F3A4B5 /* CreateEventButtonCell.swift */,
				B50C419F8240B6354EEB8E05 /* EventCardCell.swift */,
			);
			path = Cells;
			sourceTree = "<group>";
		};
		BFD89411015014A0195B707A /* Presenter */ = {
			isa = PBXGroup;
			children = (
				58F74B9CB7B76CBB97CA069F /* HomePresenter.swift */,
			);
			path = Presenter;
			sourceTree = "<group>";
		};
		C28C5559D90D69D715C297E4 /* View */ = {
			isa = PBXGroup;
			children = (
				66F644FBA781D0A075353B51 /* HomeViewController.swift */,
				BBA102B6FCC44D1F1EE1B923 /* Cells */,
				ECC85A36194F1D25B3796A0A /* Components */,
			);
			path = View;
			sourceTree = "<group>";
		};
		C31A0B3731D757F7AE6359D3 /* HomeScreen */ = {
			isa = PBXGroup;
			children = (
				04FF44AB99896636A52AC905 /* HomeAssembly.swift */,
				689AA08DD8830AA764FCA465 /* Model */,
				0986BBC42CA2E98DA6D3E86B /* Service */,
				BFD89411015014A0195B707A /* Presenter */,
				E9EBAE53FDEA3F4472F924E6 /* ViewModelFactory */,
				C28C5559D90D69D715C297E4 /* View */,
			);
			path = HomeScreen;
			sourceTree = "<group>";
		};
		CFAB78A8D00728A1BEF0FFB9 /* View */ = {
			isa = PBXGroup;
			children = (
				A17A7602B6E6B273934A3CF6 /* AuthViewController.swift */,
			);
			path = View;
			sourceTree = "<group>";
		};
		D80F93FC9311921348049A4B /* ViewModelFactory */ = {
			isa = PBXGroup;
			children = (
				D51EEFF51698E0AF6B7FED3A /* OnboardingViewModelFactory.swift */,
				AB42E7CF3C434E962C87579F /* ViewModels */,
			);
			path = ViewModelFactory;
			sourceTree = "<group>";
		};
		DF6D702E357A2BF7D560D1CC /* ViewModelFactory */ = {
			isa = PBXGroup;
			children = (
				A659A3B6CC566A04E6E5078F /* AuthViewModelFactory.swift */,
				7D3E4CF79AB0A5C6B100A26E /* ViewModels */,
			);
			path = ViewModelFactory;
			sourceTree = "<group>";
		};
		E0DA23E19143A4728EC02A69 /* Service */ = {
			isa = PBXGroup;
			children = (
				955B63B3B69273ABA6F58F35 /* RegisterService.swift */,
			);
			path = Service;
			sourceTree = "<group>";
		};
		E9EBAE53FDEA3F4472F924E6 /* ViewModelFactory */ = {
			isa = PBXGroup;
			children = (
				7DE84D2885C949E1ACC6D435 /* HomeViewModelFactory.swift */,
				F9FEED4BDB197501EE1EB25B /* ViewModels */,
			);
			path = ViewModelFactory;
			sourceTree = "<group>";
		};
		EA42B928C3C99DF6E00E7020 /* View */ = {
			isa = PBXGroup;
			children = (
				E6D25D8E302B6902A362AAC7 /* OnboardingViewController.swift */,
			);
			path = View;
			sourceTree = "<group>";
		};
		ECC85A36194F1D25B3796A0A /* Components */ = {
			isa = PBXGroup;
			children = (
				E79942CA8AAF790FAAB46549 /* HomeHeaderView.swift */,
				6885462DA21956849F8992D4 /* TabSelectorView.swift */,
				013D48BE88243637C00CB478 /* EmptyStateView.swift */,
				CC7E4435A176744C31068E66 /* SectionHeaderView.swift */,
				978A40D4AF02BAEFBC51A6D6 /* CreateEventButton.swift */,
				FF66EE55DD44CC33BB22AA11 /* LogoutAlertViewController.swift */,
			);
			path = Components;
			sourceTree = "<group>";
		};
		EE385BF56D00EC64F6D01D84 /* ViewModelFactory */ = {
			isa = PBXGroup;
			children = (
				D44BFC9232760DD873ADCAA5 /* RegisterViewModelFactory.swift */,
				2B4CDC0004B7138E4115962F /* ViewModels */,
			);
			path = ViewModelFactory;
			sourceTree = "<group>";
		};
		F805120FA6F81F8AB501688C /* Model */ = {
			isa = PBXGroup;
			children = (
				257536F8DB432DE5DB95F19B /* AuthModel.swift */,
			);
			path = Model;
			sourceTree = "<group>";
		};
		F9FEED4BDB197501EE1EB25B /* ViewModels */ = {
			isa = PBXGroup;
			children = (
				AAF846FF9E9866E4E31D2457 /* HomeViewModels.swift */,
			);
			path = ViewModels;
			sourceTree = "<group>";
		};
/* End PBXGroup section */

/* Begin PBXNativeTarget section */
		182CCAEC2EFEFBD800C451D5 /* VolleyMe */ = {
			isa = PBXNativeTarget;
			buildConfigurationList = 182CCB012EFEFBD900C451D5 /* Build configuration list for PBXNativeTarget "VolleyMe" */;
			buildPhases = (
				182CCAE92EFEFBD800C451D5 /* Sources */,
				182CCAEA2EFEFBD800C451D5 /* Frameworks */,
				182CCAEB2EFEFBD800C451D5 /* Resources */,
			);
			buildRules = (
			);
			dependencies = (
			);
			name = VolleyMe;
			packageProductDependencies = (
				18EAC5D52F2D7B2F00B7D56F /* SnapKit */,
			);
			productName = VolleyMe;
			productReference = 182CCAED2EFEFBD800C451D5 /* VolleyMe.app */;
			productType = "com.apple.product-type.application";
		};
/* End PBXNativeTarget section */

/* Begin PBXProject section */
		182CCAE52EFEFBD800C451D5 /* Project object */ = {
			isa = PBXProject;
			attributes = {
				BuildIndependentTargetsInParallel = 1;
				LastSwiftUpdateCheck = 1500;
				LastUpgradeCheck = 1500;
				TargetAttributes = {
					182CCAEC2EFEFBD800C451D5 = {
						CreatedOnToolsVersion = 15.0.1;
					};
				};
			};
			buildConfigurationList = 182CCAE82EFEFBD800C451D5 /* Build configuration list for PBXProject "VolleyMe" */;
			compatibilityVersion = "Xcode 14.0";
			developmentRegion = en;
			hasScannedForEncodings = 0;
			knownRegions = (
				en,
				Base,
			);
			mainGroup = 182CCAE42EFEFBD800C451D5;
			packageReferences = (
				18EAC5D42F2D7B2F00B7D56F /* XCRemoteSwiftPackageReference "SnapKit" */,
			);
			productRefGroup = 182CCAEE2EFEFBD800C451D5 /* Products */;
			projectDirPath = "";
			projectRoot = "";
			targets = (
				182CCAEC2EFEFBD800C451D5 /* VolleyMe */,
			);
		};
/* End PBXProject section */

/* Begin PBXResourcesBuildPhase section */
		182CCAEB2EFEFBD800C451D5 /* Resources */ = {
			isa = PBXResourcesBuildPhase;
			buildActionMask = 2147483647;
			files = (
				182CCAFD2EFEFBD900C451D5 /* LaunchScreen.storyboard in Resources */,
				182CCAFA2EFEFBD900C451D5 /* Assets.xcassets in Resources */,
			);
			runOnlyForDeploymentPostprocessing = 0;
		};
/* End PBXResourcesBuildPhase section */

/* Begin PBXSourcesBuildPhase section */
		182CCAE92EFEFBD800C451D5 /* Sources */ = {
			isa = PBXSourcesBuildPhase;
			buildActionMask = 2147483647;
			files = (
				182CCAF12EFEFBD800C451D5 /* AppDelegate.swift in Sources */,
				182CCAF32EFEFBD800C451D5 /* SceneDelegate.swift in Sources */,
				182CCB052EFEFBD900C451D5 /* AppCoordinator.swift in Sources */,
				182CCB0F2EFEFBD900C451D5 /* ViewProtocol.swift in Sources */,
				182CCB112EFEFBD900C451D5 /* PresenterProtocol.swift in Sources */,
				182CCB132EFEFBD900C451D5 /* ViewModelFactoryProtocol.swift in Sources */,
				182CCB152EFEFBD900C451D5 /* ViewModel.swift in Sources */,
				182CCB172EFEFBD900C451D5 /* AssemblyProtocol.swift in Sources */,
				182CCB242EFEFBD900C451D5 /* RequestProcessor.swift in Sources */,
				182CCB262EFEFBD900C451D5 /* MainFlowController.swift in Sources */,
				182CCB282EFEFBD900C451D5 /* EventDetailsAssembly.swift in Sources */,
				182CCB2A2EFEFBD900C451D5 /* EventDetailsModel.swift in Sources */,
				182CCB2C2EFEFBD900C451D5 /* EventDetailsService.swift in Sources */,
				182CCB2E2EFEFBD900C451D5 /* EventDetailsPresenter.swift in Sources */,
				182CCB302EFEFBD900C451D5 /* EventDetailsViewModelFactory.swift in Sources */,
				182CCB322EFEFBD900C451D5 /* EventDetailsViewModels.swift in Sources */,
				182CCB342EFEFBD900C451D5 /* EventDetailsViewController.swift in Sources */,
				182CCB382EFEFBD900C451D5 /* ParticipantCell.swift in Sources */,
				182CCB3C2EFEFBD900C451D5 /* ParticipantsSectionView.swift in Sources */,
				182CCB3E2EFEFBD900C451D5 /* CustomAlertViewController.swift in Sources */,
				182CCB4C2EFEFBD900C451D5 /* DependencyContainer.swift in Sources */,
				182CCB502EFEFBD900C451D5 /* EventHeaderView.swift in Sources */,
				182CCB522EFEFBD900C451D5 /* EventInfoSectionView.swift in Sources */,
				182CCB542EFEFBD900C451D5 /* EventDescriptionView.swift in Sources */,
				182CCB562EFEFBD900C451D5 /* EventActionButtonView.swift in Sources */,
				182CCB602EFEFBD900C451D5 /* NewEventAssembly.swift in Sources */,
				182CCB622EFEFBD900C451D5 /* CreateEventDTO.swift in Sources */,
				182CCB642EFEFBD900C451D5 /* NewEventService.swift in Sources */,
				182CCB662EFEFBD900C451D5 /* NewEventPresenter.swift in Sources */,
				182CCB682EFEFBD900C451D5 /* NewEventViewModelFactory.swift in Sources */,
				182CCB6A2EFEFBD900C451D5 /* NewEventViewModels.swift in Sources */,
				182CCB6C2EFEFBD900C451D5 /* NewEventViewController.swift in Sources */,
				182CCB6E2EFEFBD900C451D5 /* FormTextFieldView.swift in Sources */,
				182CCB702EFEFBD900C451D5 /* FormDateFieldView.swift in Sources */,
				182CCB722EFEFBD900C451D5 /* FormTimeFieldView.swift in Sources */,
				182CCB742EFEFBD900C451D5 /* FormStepperFieldView.swift in Sources */,
				182CCB762EFEFBD900C451D5 /* FormSubmitButtonView.swift in Sources */,
				68CF4A43860446844842AAA0 /* HomeAssembly.swift in Sources */,
				8C324D85B9D73093AE0FF8FD /* HomeModel.swift in Sources */,
				10FD496F83C5D82F456A2E49 /* HomeService.swift in Sources */,
				97464A9CB736B942E0ACE5F6 /* HomePresenter.swift in Sources */,
				F98F41EBA5F510C3AE79C2B2 /* HomeViewController.swift in Sources */,
				732F4BF282A526B20BB2B36E /* EventCardCell.swift in Sources */,
				A1B2C3D4E5F60718A9B0C1D2 /* CreateEventButtonCell.swift in Sources */,
				07F6413F9533FEF15BA99BAA /* HomeHeaderView.swift in Sources */,
				6840439B99E5A9656535990B /* TabSelectorView.swift in Sources */,
				2C9949F4AFF452EC8A1447E8 /* EmptyStateView.swift in Sources */,
				784F44419FED32119935EDBC /* SectionHeaderView.swift in Sources */,
				A1A34F1B87957724F7802EFA /* CreateEventButton.swift in Sources */,
				AA11BB22CC33DD44EE55FF66 /* LogoutAlertViewController.swift in Sources */,
				E999FD00CA10B9ED57FD6780 /* RegisterAssembly.swift in Sources */,
				A61A4D208F83DB890E8E83D2 /* RegisterModel.swift in Sources */,
				EA6767A38F4E3A9814642C13 /* RegisterService.swift in Sources */,
				96E07F27B8B52C6F73754DB6 /* RegisterPresenter.swift in Sources */,
				7FBAED3871B39FCD08198E0B /* RegisterViewController.swift in Sources */,
				BA3567A2C913F4640A9A7820 /* RegisterViewModelFactory.swift in Sources */,
				37B2B5D5D0D02CFB0CBCD594 /* RegisterViewModels.swift in Sources */,
				72F94A82AEA66A2B66079466 /* HomeViewModelFactory.swift in Sources */,
				B73B4D07AB841D4D62508DBE /* HomeViewModels.swift in Sources */,
				F3546FB2E64187D37928BB6C /* SplashViewController.swift in Sources */,
				9FDC9D7009965307D1AE3753 /* OnboardingAssembly.swift in Sources */,
				0331A04008348ED8018E9CF3 /* OnboardingModel.swift in Sources */,
				4E02BC651EECB343FB0B1E0F /* OnboardingPresenter.swift in Sources */,
				62BAAC372B687BA4F5F4C55C /* OnboardingViewController.swift in Sources */,
				3A21765E8D8CBB5F10B1517B /* OnboardingViewModelFactory.swift in Sources */,
				C4515E988104DF93BADE2090 /* OnboardingViewModels.swift in Sources */,
				296B9804F7785CFB9E63ED05 /* KeychainService.swift in Sources */,
				C0A1F2E3D4B5A6978890ABCE /* PasswordPolicy.swift in Sources */,
				B7E1F2A3C4D5061829304151 /* LogoutService.swift in Sources */,
				8525FB3A35B575E41A52F428 /* TokenStorage.swift in Sources */,
				4FAB7AA4F8C033A066643022 /* AuthAssembly.swift in Sources */,
				705943B239C1B6FDABF746E2 /* AuthModel.swift in Sources */,
				8423264E7D3616EC743C59B2 /* AuthService.swift in Sources */,
				5E729E98872F2015B8A8B771 /* AuthPresenter.swift in Sources */,
				BCC7EF51295947868CB40F63 /* AuthViewController.swift in Sources */,
				90CD747D0C0CDDC5E28B410E /* AuthViewModelFactory.swift in Sources */,
				BC843A313E2A7A037FF5B4CD /* AuthViewModels.swift in Sources */,
			);
			runOnlyForDeploymentPostprocessing = 0;
		};
/* End PBXSourcesBuildPhase section */

/* Begin PBXVariantGroup section */
		182CCAFB2EFEFBD900C451D5 /* LaunchScreen.storyboard */ = {
			isa = PBXVariantGroup;
			children = (
				182CCAFC2EFEFBD900C451D5 /* Base */,
			);
			name = LaunchScreen.storyboard;
			sourceTree = "<group>";
		};
/* End PBXVariantGroup section */

/* Begin XCBuildConfiguration section */
		182CCAFF2EFEFBD900C451D5 /* Debug */ = {
			isa = XCBuildConfiguration;
			buildSettings = {
				ALWAYS_SEARCH_USER_PATHS = NO;
				ASSETCATALOG_COMPILER_GENERATE_SWIFT_ASSET_SYMBOL_EXTENSIONS = YES;
				CLANG_ANALYZER_NONNULL = YES;
				CLANG_ANALYZER_NUMBER_OBJECT_CONVERSION = YES_AGGRESSIVE;
				CLANG_CXX_LANGUAGE_STANDARD = "gnu++20";
				CLANG_ENABLE_MODULES = YES;
				CLANG_ENABLE_OBJC_ARC = YES;
				CLANG_ENABLE_OBJC_WEAK = YES;
				CLANG_WARN_BLOCK_CAPTURE_AUTORELEASING = YES;
				CLANG_WARN_BOOL_CONVERSION = YES;
				CLANG_WARN_COMMA = YES;
				CLANG_WARN_CONSTANT_CONVERSION = YES;
				CLANG_WARN_DEPRECATED_OBJC_IMPLEMENTATIONS = YES;
				CLANG_WARN_DIRECT_OBJC_ISA_USAGE = YES_ERROR;
				CLANG_WARN_DOCUMENTATION_COMMENTS = YES;
				CLANG_WARN_EMPTY_BODY = YES;
				CLANG_WARN_ENUM_CONVERSION = YES;
				CLANG_WARN_INFINITE_RECURSION = YES;
				CLANG_WARN_INT_CONVERSION = YES;
				CLANG_WARN_NON_LITERAL_NULL_CONVERSION = YES;
				CLANG_WARN_OBJC_IMPLICIT_RETAIN_SELF = YES;
				CLANG_WARN_OBJC_LITERAL_CONVERSION = YES;
				CLANG_WARN_OBJC_ROOT_CLASS = YES_ERROR;
				CLANG_WARN_QUOTED_INCLUDE_IN_FRAMEWORK_HEADER = YES;
				CLANG_WARN_RANGE_LOOP_ANALYSIS = YES;
				CLANG_WARN_STRICT_PROTOTYPES = YES;
				CLANG_WARN_SUSPICIOUS_MOVE = YES;
				CLANG_WARN_UNGUARDED_AVAILABILITY = YES_AGGRESSIVE;
				CLANG_WARN_UNREACHABLE_CODE = YES;
				CLANG_WARN__DUPLICATE_METHOD_MATCH = YES;
				COPY_PHASE_STRIP = NO;
				DEBUG_INFORMATION_FORMAT = dwarf;
				ENABLE_STRICT_OBJC_MSGSEND = YES;
				ENABLE_TESTABILITY = YES;
				ENABLE_USER_SCRIPT_SANDBOXING = YES;
				GCC_C_LANGUAGE_STANDARD = gnu17;
				GCC_DYNAMIC_NO_PIC = NO;
				GCC_NO_COMMON_BLOCKS = YES;
				GCC_OPTIMIZATION_LEVEL = 0;
				GCC_PREPROCESSOR_DEFINITIONS = (
					"DEBUG=1",
					"$(inherited)",
				);
				GCC_WARN_64_TO_32_BIT_CONVERSION = YES;
				GCC_WARN_ABOUT_RETURN_TYPE = YES_ERROR;
				GCC_WARN_UNDECLARED_SELECTOR = YES;
				GCC_WARN_UNINITIALIZED_AUTOS = YES_AGGRESSIVE;
				GCC_WARN_UNUSED_FUNCTION = YES;
				GCC_WARN_UNUSED_VARIABLE = YES;
				IPHONEOS_DEPLOYMENT_TARGET = 17.0;
				LOCALIZATION_PREFERS_STRING_CATALOGS = YES;
				MTL_ENABLE_DEBUG_INFO = INCLUDE_SOURCE;
				MTL_FAST_MATH = YES;
				ONLY_ACTIVE_ARCH = YES;
				SDKROOT = iphoneos;
				SWIFT_ACTIVE_COMPILATION_CONDITIONS = "DEBUG $(inherited)";
				SWIFT_OPTIMIZATION_LEVEL = "-Onone";
			};
			name = Debug;
		};
		182CCB002EFEFBD900C451D5 /* Release */ = {
			isa = XCBuildConfiguration;
			buildSettings = {
				ALWAYS_SEARCH_USER_PATHS = NO;
				ASSETCATALOG_COMPILER_GENERATE_SWIFT_ASSET_SYMBOL_EXTENSIONS = YES;
				CLANG_ANALYZER_NONNULL = YES;
				CLANG_ANALYZER_NUMBER_OBJECT_CONVERSION = YES_AGGRESSIVE;
				CLANG_CXX_LANGUAGE_STANDARD = "gnu++20";
				CLANG_ENABLE_MODULES = YES;
				CLANG_ENABLE_OBJC_ARC = YES;
				CLANG_ENABLE_OBJC_WEAK = YES;
				CLANG_WARN_BLOCK_CAPTURE_AUTORELEASING = YES;
				CLANG_WARN_BOOL_CONVERSION = YES;
				CLANG_WARN_COMMA = YES;
				CLANG_WARN_CONSTANT_CONVERSION = YES;
				CLANG_WARN_DEPRECATED_OBJC_IMPLEMENTATIONS = YES;
				CLANG_WARN_DIRECT_OBJC_ISA_USAGE = YES_ERROR;
				CLANG_WARN_DOCUMENTATION_COMMENTS = YES;
				CLANG_WARN_EMPTY_BODY = YES;
				CLANG_WARN_ENUM_CONVERSION = YES;
				CLANG_WARN_INFINITE_RECURSION = YES;
				CLANG_WARN_INT_CONVERSION = YES;
				CLANG_WARN_NON_LITERAL_NULL_CONVERSION = YES;
				CLANG_WARN_OBJC_IMPLICIT_RETAIN_SELF = YES;
				CLANG_WARN_OBJC_LITERAL_CONVERSION = YES;
				CLANG_WARN_OBJC_ROOT_CLASS = YES_ERROR;
				CLANG_WARN_QUOTED_INCLUDE_IN_FRAMEWORK_HEADER = YES;
				CLANG_WARN_RANGE_LOOP_ANALYSIS = YES;
				CLANG_WARN_STRICT_PROTOTYPES = YES;
				CLANG_WARN_SUSPICIOUS_MOVE = YES;
				CLANG_WARN_UNGUARDED_AVAILABILITY = YES_AGGRESSIVE;
				CLANG_WARN_UNREACHABLE_CODE = YES;
				CLANG_WARN__DUPLICATE_METHOD_MATCH = YES;
				COPY_PHASE_STRIP = NO;
				DEBUG_INFORMATION_FORMAT = "dwarf-with-dsym";
				ENABLE_NS_ASSERTIONS = NO;
				ENABLE_STRICT_OBJC_MSGSEND = YES;
				ENABLE_USER_SCRIPT_SANDBOXING = YES;
				GCC_C_LANGUAGE_STANDARD = gnu17;
				GCC_NO_COMMON_BLOCKS = YES;
				GCC_WARN_64_TO_32_BIT_CONVERSION = YES;
				GCC_WARN_ABOUT_RETURN_TYPE = YES_ERROR;
				GCC_WARN_UNDECLARED_SELECTOR = YES;
				GCC_WARN_UNINITIALIZED_AUTOS = YES_AGGRESSIVE;
				GCC_WARN_UNUSED_FUNCTION = YES;
				GCC_WARN_UNUSED_VARIABLE = YES;
				IPHONEOS_DEPLOYMENT_TARGET = 17.0;
				LOCALIZATION_PREFERS_STRING_CATALOGS = YES;
				MTL_ENABLE_DEBUG_INFO = NO;
				MTL_FAST_MATH = YES;
				SDKROOT = iphoneos;
				SWIFT_COMPILATION_MODE = wholemodule;
				VALIDATE_PRODUCT = YES;
			};
			name = Release;
		};
		182CCB022EFEFBD900C451D5 /* Debug */ = {
			isa = XCBuildConfiguration;
			buildSettings = {
				ASSETCATALOG_COMPILER_APPICON_NAME = AppIcon;
				ASSETCATALOG_COMPILER_GLOBAL_ACCENT_COLOR_NAME = AccentColor;
				CODE_SIGN_STYLE = Automatic;
				CURRENT_PROJECT_VERSION = 1;
				DEVELOPMENT_TEAM = R82UJBY7FF;
				GENERATE_INFOPLIST_FILE = YES;
				INFOPLIST_FILE = VolleyMe/Info.plist;
				INFOPLIST_KEY_CFBundleDisplayName = VolleyMe;
				INFOPLIST_KEY_LSApplicationCategoryType = "public.app-category.sports";
				INFOPLIST_KEY_UIApplicationSupportsIndirectInputEvents = YES;
				INFOPLIST_KEY_UILaunchStoryboardName = LaunchScreen;
				INFOPLIST_KEY_UISupportedInterfaceOrientations_iPad = "UIInterfaceOrientationPortrait UIInterfaceOrientationPortraitUpsideDown UIInterfaceOrientationLandscapeLeft UIInterfaceOrientationLandscapeRight";
				INFOPLIST_KEY_UISupportedInterfaceOrientations_iPhone = "UIInterfaceOrientationPortrait UIInterfaceOrientationLandscapeLeft UIInterfaceOrientationLandscapeRight";
				LD_RUNPATH_SEARCH_PATHS = (
					"$(inherited)",
					"@executable_path/Frameworks",
				);
				MARKETING_VERSION = 1.0;
				PRODUCT_BUNDLE_IDENTIFIER = com.imanbaev.volleyme;
				PRODUCT_NAME = "$(TARGET_NAME)";
				SWIFT_EMIT_LOC_STRINGS = YES;
				SWIFT_VERSION = 5.0;
				TARGETED_DEVICE_FAMILY = "1,2";
			};
			name = Debug;
		};
		182CCB232EFEFBD900C451D5 /* Release */ = {
			isa = XCBuildConfiguration;
			buildSettings = {
				ASSETCATALOG_COMPILER_APPICON_NAME = AppIcon;
				ASSETCATALOG_COMPILER_GLOBAL_ACCENT_COLOR_NAME = AccentColor;
				CODE_SIGN_STYLE = Automatic;
				CURRENT_PROJECT_VERSION = 1;
				DEVELOPMENT_TEAM = R82UJBY7FF;
				GENERATE_INFOPLIST_FILE = YES;
				INFOPLIST_FILE = VolleyMe/Info.plist;
				INFOPLIST_KEY_CFBundleDisplayName = VolleyMe;
				INFOPLIST_KEY_LSApplicationCategoryType = "public.app-category.sports";
				INFOPLIST_KEY_UIApplicationSupportsIndirectInputEvents = YES;
				INFOPLIST_KEY_UILaunchStoryboardName = LaunchScreen;
				INFOPLIST_KEY_UISupportedInterfaceOrientations_iPad = "UIInterfaceOrientationPortrait UIInterfaceOrientationPortraitUpsideDown UIInterfaceOrientationLandscapeLeft UIInterfaceOrientationLandscapeRight";
				INFOPLIST_KEY_UISupportedInterfaceOrientations_iPhone = "UIInterfaceOrientationPortrait UIInterfaceOrientationLandscapeLeft UIInterfaceOrientationLandscapeRight";
				LD_RUNPATH_SEARCH_PATHS = (
					"$(inherited)",
					"@executable_path/Frameworks",
				);
				MARKETING_VERSION = 1.0;
				PRODUCT_BUNDLE_IDENTIFIER = com.imanbaev.volleyme;
				PRODUCT_NAME = "$(TARGET_NAME)";
				SWIFT_EMIT_LOC_STRINGS = YES;
				SWIFT_VERSION = 5.0;
				TARGETED_DEVICE_FAMILY = "1,2";
			};
			name = Release;
		};
/* End XCBuildConfiguration section */

/* Begin XCConfigurationList section */
		182CCAE82EFEFBD800C451D5 /* Build configuration list for PBXProject "VolleyMe" */ = {
			isa = XCConfigurationList;
			buildConfigurations = (
				182CCAFF2EFEFBD900C451D5 /* Debug */,
				182CCB002EFEFBD900C451D5 /* Release */,
			);
			defaultConfigurationIsVisible = 0;
			defaultConfigurationName = Release;
		};
		182CCB012EFEFBD900C451D5 /* Build configuration list for PBXNativeTarget "VolleyMe" */ = {
			isa = XCConfigurationList;
			buildConfigurations = (
				182CCB022EFEFBD900C451D5 /* Debug */,
				182CCB232EFEFBD900C451D5 /* Release */,
			);
			defaultConfigurationIsVisible = 0;
			defaultConfigurationName = Release;
		};
/* End XCConfigurationList section */

/* Begin XCRemoteSwiftPackageReference section */
		18EAC5D42F2D7B2F00B7D56F /* XCRemoteSwiftPackageReference "SnapKit" */ = {
			isa = XCRemoteSwiftPackageReference;
			repositoryURL = "https://github.com/SnapKit/SnapKit.git";
			requirement = {
				kind = upToNextMajorVersion;
				minimumVersion = 5.7.1;
			};
		};
/* End XCRemoteSwiftPackageReference section */

/* Begin XCSwiftPackageProductDependency section */
		18EAC5D52F2D7B2F00B7D56F /* SnapKit */ = {
			isa = XCSwiftPackageProductDependency;
			package = 18EAC5D42F2D7B2F00B7D56F /* XCRemoteSwiftPackageReference "SnapKit" */;
			productName = SnapKit;
		};
/* End XCSwiftPackageProductDependency section */
	};
	rootObject = 182CCAE52EFEFBD800C451D5 /* Project object */;
}
