// !$*UTF8*$!
{
	archiveVersion = 1;
	classes = {
	};
	objectVersion = 56;
	objects = {

/* Begin PBXBuildFile section */
		182CCAF12EFEFBD800C451D5 /* AppDelegate.swift in Sources */ = {isa = PBXBuildFile; fileRef = 182CCAF02EFEFBD800C451D5 /* AppDelegate.swift */; };
		182CCAF32EFEFBD800C451D5 /* SceneDelegate.swift in Sources */ = {isa = PBXBuildFile; fileRef = 182CCAF22EFEFBD800C451D5 /* SceneDelegate.swift */; };
		182CCAFA2EFEFBD900C451D5 /* Assets.xcassets in Resources */ = {isa = PBXBuildFile; fileRef = 182CCAF92EFEFBD900C451D5 /* Assets.xcassets */; };
		182CCAFD2EFEFBD900C451D5 /* LaunchScreen.storyboard in Resources */ = {isa = PBXBuildFile; fileRef = 182CCAFB2EFEFBD900C451D5 /* LaunchScreen.storyboard */; };
		182CCB042EFEFBD900C451D5 /* Coordinator.swift in Sources */ = {isa = PBXBuildFile; fileRef = 182CCB032EFEFBD900C451D5 /* Coordinator.swift */; };
		182CCB052EFEFBD900C451D5 /* AppCoordinator.swift in Sources */ = {isa = PBXBuildFile; fileRef = 182CCB062EFEFBD900C451D5 /* AppCoordinator.swift */; };
		182CCB0F2EFEFBD900C451D5 /* ViewProtocol.swift in Sources */ = {isa = PBXBuildFile; fileRef = 182CCB102EFEFBD900C451D5 /* ViewProtocol.swift */; };
		182CCB112EFEFBD900C451D5 /* PresenterProtocol.swift in Sources */ = {isa = PBXBuildFile; fileRef = 182CCB122EFEFBD900C451D5 /* PresenterProtocol.swift */; };
		182CCB132EFEFBD900C451D5 /* ViewModelFactoryProtocol.swift in Sources */ = {isa = PBXBuildFile; fileRef = 182CCB142EFEFBD900C451D5 /* ViewModelFactoryProtocol.swift */; };
		182CCB152EFEFBD900C451D5 /* ViewModel.swift in Sources */ = {isa = PBXBuildFile; fileRef = 182CCB162EFEFBD900C451D5 /* ViewModel.swift */; };
		182CCB172EFEFBD900C451D5 /* AssemblyProtocol.swift in Sources */ = {isa = PBXBuildFile; fileRef = 182CCB182EFEFBD900C451D5 /* AssemblyProtocol.swift */; };
		182CCB242EFEFBD900C451D5 /* RequestProcessor.swift in Sources */ = {isa = PBXBuildFile; fileRef = 182CCB252EFEFBD900C451D5 /* RequestProcessor.swift */; };
		182CCB262EFEFBD900C451D5 /* MainFlowController.swift in Sources */ = {isa = PBXBuildFile; fileRef = 182CCB272EFEFBD900C451D5 /* MainFlowController.swift */; };
		182CCB282EFEFBD900C451D5 /* EventDetailsAssembly.swift in Sources */ = {isa = PBXBuildFile; fileRef = 182CCB292EFEFBD900C451D5 /* EventDetailsAssembly.swift */; };
		182CCB2A2EFEFBD900C451D5 /* EventDetailsModel.swift in Sources */ = {isa = PBXBuildFile; fileRef = 182CCB2B2EFEFBD900C451D5 /* EventDetailsModel.swift */; };
		182CCB2C2EFEFBD900C451D5 /* EventDetailsService.swift in Sources */ = {isa = PBXBuildFile; fileRef = 182CCB2D2EFEFBD900C451D5 /* EventDetailsService.swift */; };
		182CCB2E2EFEFBD900C451D5 /* EventDetailsPresenter.swift in Sources */ = {isa = PBXBuildFile; fileRef = 182CCB2F2EFEFBD900C451D5 /* EventDetailsPresenter.swift */; };
		182CCB302EFEFBD900C451D5 /* EventDetailsViewModelFactory.swift in Sources */ = {isa = PBXBuildFile; fileRef = 182CCB312EFEFBD900C451D5 /* EventDetailsViewModelFactory.swift */; };
		182CCB322EFEFBD900C451D5 /* EventDetailsViewModels.swift in Sources */ = {isa = PBXBuildFile; fileRef = 182CCB332EFEFBD900C451D5 /* EventDetailsViewModels.swift */; };
		182CCB342EFEFBD900C451D5 /* EventDetailsViewController.swift in Sources */ = {isa = PBXBuildFile; fileRef = 182CCB352EFEFBD900C451D5 /* EventDetailsViewController.swift */; };
		182CCB362EFEFBD900C451D5 /* EventInfoCell.swift in Sources */ = {isa = PBXBuildFile; fileRef = 182CCB372EFEFBD900C451D5 /* EventInfoCell.swift */; };
		182CCB382EFEFBD900C451D5 /* ParticipantCell.swift in Sources */ = {isa = PBXBuildFile; fileRef = 182CCB392EFEFBD900C451D5 /* ParticipantCell.swift */; };
		182CCB3A2EFEFBD900C451D5 /* EventDetailsHeaderView.swift in Sources */ = {isa = PBXBuildFile; fileRef = 182CCB3B2EFEFBD900C451D5 /* EventDetailsHeaderView.swift */; };
		182CCB3C2EFEFBD900C451D5 /* ParticipantsSectionView.swift in Sources */ = {isa = PBXBuildFile; fileRef = 182CCB3D2EFEFBD900C451D5 /* ParticipantsSectionView.swift */; };
		182CCB3E2EFEFBD900C451D5 /* CustomAlertViewController.swift in Sources */ = {isa = PBXBuildFile; fileRef = 182CCB3F2EFEFBD900C451D5 /* CustomAlertViewController.swift */; };
/* End PBXBuildFile section */

/* Begin PBXFileReference section */
		182CCAED2EFEFBD800C451D5 /* VolleyMe.app */ = {isa = PBXFileReference; explicitFileType = wrapper.application; includeInIndex = 0; path = VolleyMe.app; sourceTree = BUILT_PRODUCTS_DIR; };
		182CCAF02EFEFBD800C451D5 /* AppDelegate.swift */ = {isa = PBXFileReference; lastKnownFileType = sourcecode.swift; path = AppDelegate.swift; sourceTree = "<group>"; };
		182CCAF22EFEFBD800C451D5 /* SceneDelegate.swift */ = {isa = PBXFileReference; lastKnownFileType = sourcecode.swift; path = SceneDelegate.swift; sourceTree = "<group>"; };
		182CCAF92EFEFBD900C451D5 /* Assets.xcassets */ = {isa = PBXFileReference; lastKnownFileType = folder.assetcatalog; path = Assets.xcassets; sourceTree = "<group>"; };
		182CCAFC2EFEFBD900C451D5 /* Base */ = {isa = PBXFileReference; lastKnownFileType = file.storyboard; name = Base; path = Base.lproj/LaunchScreen.storyboard; sourceTree = "<group>"; };
		182CCAFE2EFEFBD900C451D5 /* Info.plist */ = {isa = PBXFileReference; lastKnownFileType = text.plist.xml; path = Info.plist; sourceTree = "<group>"; };
		182CCB032EFEFBD900C451D5 /* Coordinator.swift */ = {isa = PBXFileReference; lastKnownFileType = sourcecode.swift; path = Coordinator.swift; sourceTree = "<group>"; };
		182CCB062EFEFBD900C451D5 /* AppCoordinator.swift */ = {isa = PBXFileReference; lastKnownFileType = sourcecode.swift; path = AppCoordinator.swift; sourceTree = "<group>"; };
		182CCB102EFEFBD900C451D5 /* ViewProtocol.swift */ = {isa = PBXFileReference; lastKnownFileType = sourcecode.swift; path = ViewProtocol.swift; sourceTree = "<group>"; };
		182CCB122EFEFBD900C451D5 /* PresenterProtocol.swift */ = {isa = PBXFileReference; lastKnownFileType = sourcecode.swift; path = PresenterProtocol.swift; sourceTree = "<group>"; };
		182CCB142EFEFBD900C451D5 /* ViewModelFactoryProtocol.swift */ = {isa = PBXFileReference; lastKnownFileType = sourcecode.swift; path = ViewModelFactoryProtocol.swift; sourceTree = "<group>"; };
		182CCB162EFEFBD900C451D5 /* ViewModel.swift */ = {isa = PBXFileReference; lastKnownFileType = sourcecode.swift; path = ViewModel.swift; sourceTree = "<group>"; };
		182CCB182EFEFBD900C451D5 /* AssemblyProtocol.swift */ = {isa = PBXFileReference; lastKnownFileType = sourcecode.swift; path = AssemblyProtocol.swift; sourceTree = "<group>"; };
		182CCB252EFEFBD900C451D5 /* RequestProcessor.swift */ = {isa = PBXFileReference; lastKnownFileType = sourcecode.swift; path = RequestProcessor.swift; sourceTree = "<group>"; };
		182CCB272EFEFBD900C451D5 /* MainFlowController.swift */ = {isa = PBXFileReference; lastKnownFileType = sourcecode.swift; path = MainFlowController.swift; sourceTree = "<group>"; };
		182CCB292EFEFBD900C451D5 /* EventDetailsAssembly.swift */ = {isa = PBXFileReference; lastKnownFileType = sourcecode.swift; path = EventDetailsAssembly.swift; sourceTree = "<group>"; };
		182CCB2B2EFEFBD900C451D5 /* EventDetailsModel.swift */ = {isa = PBXFileReference; lastKnownFileType = sourcecode.swift; path = EventDetailsModel.swift; sourceTree = "<group>"; };
		182CCB2D2EFEFBD900C451D5 /* EventDetailsService.swift */ = {isa = PBXFileReference; lastKnownFileType = sourcecode.swift; path = EventDetailsService.swift; sourceTree = "<group>"; };
		182CCB2F2EFEFBD900C451D5 /* EventDetailsPresenter.swift */ = {isa = PBXFileReference; lastKnownFileType = sourcecode.swift; path = EventDetailsPresenter.swift; sourceTree = "<group>"; };
		182CCB312EFEFBD900C451D5 /* EventDetailsViewModelFactory.swift */ = {isa = PBXFileReference; lastKnownFileType = sourcecode.swift; path = EventDetailsViewModelFactory.swift; sourceTree = "<group>"; };
		182CCB332EFEFBD900C451D5 /* EventDetailsViewModels.swift */ = {isa = PBXFileReference; lastKnownFileType = sourcecode.swift; path = EventDetailsViewModels.swift; sourceTree = "<group>"; };
		182CCB352EFEFBD900C451D5 /* EventDetailsViewController.swift */ = {isa = PBXFileReference; lastKnownFileType = sourcecode.swift; path = EventDetailsViewController.swift; sourceTree = "<group>"; };
		182CCB372EFEFBD900C451D5 /* EventInfoCell.swift */ = {isa = PBXFileReference; lastKnownFileType = sourcecode.swift; path = EventInfoCell.swift; sourceTree = "<group>"; };
		182CCB392EFEFBD900C451D5 /* ParticipantCell.swift */ = {isa = PBXFileReference; lastKnownFileType = sourcecode.swift; path = ParticipantCell.swift; sourceTree = "<group>"; };
		182CCB3B2EFEFBD900C451D5 /* EventDetailsHeaderView.swift */ = {isa = PBXFileReference; lastKnownFileType = sourcecode.swift; path = EventDetailsHeaderView.swift; sourceTree = "<group>"; };
		182CCB3D2EFEFBD900C451D5 /* ParticipantsSectionView.swift */ = {isa = PBXFileReference; lastKnownFileType = sourcecode.swift; path = ParticipantsSectionView.swift; sourceTree = "<group>"; };
		182CCB3F2EFEFBD900C451D5 /* CustomAlertViewController.swift */ = {isa = PBXFileReference; lastKnownFileType = sourcecode.swift; path = CustomAlertViewController.swift; sourceTree = "<group>"; };
/* End PBXFileReference section */

/* Begin PBXFrameworksBuildPhase section */
		182CCAEA2EFEFBD800C451D5 /* Frameworks */ = {
			isa = PBXFrameworksBuildPhase;
			buildActionMask = 2147483647;
			files = (
			);
			runOnlyForDeploymentPostprocessing = 0;
		};
/* End PBXFrameworksBuildPhase section */

/* Begin PBXGroup section */
		182CCAE42EFEFBD800C451D5 = {
			isa = PBXGroup;
			children = (
				182CCAEF2EFEFBD800C451D5 /* VolleyMe */,
				182CCAEE2EFEFBD800C451D5 /* Products */,
			);
			sourceTree = "<group>";
		};
		182CCAEE2EFEFBD800C451D5 /* Products */ = {
			isa = PBXGroup;
			children = (
				182CCAED2EFEFBD800C451D5 /* VolleyMe.app */,
			);
			name = Products;
			sourceTree = "<group>";
		};
		182CCAEF2EFEFBD800C451D5 /* VolleyMe */ = {
			isa = PBXGroup;
			children = (
				182CCB402EFEFBD900C451D5 /* App */,
				182CCB192EFEFBD900C451D5 /* Core */,
				182CCB1A2EFEFBD900C451D5 /* Presentation */,
				182CCAF02EFEFBD800C451D5 /* AppDelegate.swift */,
				182CCAF22EFEFBD800C451D5 /* SceneDelegate.swift */,
				182CCAF92EFEFBD900C451D5 /* Assets.xcassets */,
				182CCAFB2EFEFBD900C451D5 /* LaunchScreen.storyboard */,
				182CCAFE2EFEFBD900C451D5 /* Info.plist */,
			);
			path = VolleyMe;
			sourceTree = "<group>";
		};
		182CCB192EFEFBD900C451D5 /* Core */ = {
			isa = PBXGroup;
			children = (
				182CCB1B2EFEFBD900C451D5 /* Coordinator */,
				182CCB412EFEFBD900C451D5 /* Network */,
			);
			path = Core;
			sourceTree = "<group>";
		};
		182CCB1A2EFEFBD900C451D5 /* Presentation */ = {
			isa = PBXGroup;
			children = (
				182CCB1E2EFEFBD900C451D5 /* MVP */,
				182CCB1F2EFEFBD900C451D5 /* Assembly */,
			);
			path = Presentation;
			sourceTree = "<group>";
		};
		182CCB1B2EFEFBD900C451D5 /* Coordinator */ = {
			isa = PBXGroup;
			children = (
				182CCB032EFEFBD900C451D5 /* Coordinator.swift */,
				182CCB062EFEFBD900C451D5 /* AppCoordinator.swift */,
			);
			path = Coordinator;
			sourceTree = "<group>";
		};
		182CCB1E2EFEFBD900C451D5 /* MVP */ = {
			isa = PBXGroup;
			children = (
				182CCB202EFEFBD900C451D5 /* View */,
				182CCB212EFEFBD900C451D5 /* Presenter */,
				182CCB222EFEFBD900C451D5 /* Model */,
			);
			path = MVP;
			sourceTree = "<group>";
		};
		182CCB1F2EFEFBD900C451D5 /* Assembly */ = {
			isa = PBXGroup;
			children = (
				182CCB182EFEFBD900C451D5 /* AssemblyProtocol.swift */,
			);
			path = Assembly;
			sourceTree = "<group>";
		};
		182CCB202EFEFBD900C451D5 /* View */ = {
			isa = PBXGroup;
			children = (
				182CCB102EFEFBD900C451D5 /* ViewProtocol.swift */,
			);
			path = View;
			sourceTree = "<group>";
		};
		182CCB212EFEFBD900C451D5 /* Presenter */ = {
			isa = PBXGroup;
			children = (
				182CCB122EFEFBD900C451D5 /* PresenterProtocol.swift */,
				182CCB142EFEFBD900C451D5 /* ViewModelFactoryProtocol.swift */,
			);
			path = Presenter;
			sourceTree = "<group>";
		};
		182CCB222EFEFBD900C451D5 /* Model */ = {
			isa = PBXGroup;
			children = (
				182CCB162EFEFBD900C451D5 /* ViewModel.swift */,
			);
			path = Model;
			sourceTree = "<group>";
		};
		182CCB402EFEFBD900C451D5 /* App */ = {
			isa = PBXGroup;
			children = (
				182CCB422EFEFBD900C451D5 /* MainFlowController */,
				182CCB432EFEFBD900C451D5 /* EventDetailsScreen */,
			);
			path = App;
			sourceTree = "<group>";
		};
		182CCB412EFEFBD900C451D5 /* Network */ = {
			isa = PBXGroup;
			children = (
				182CCB252EFEFBD900C451D5 /* RequestProcessor.swift */,
			);
			path = Network;
			sourceTree = "<group>";
		};
		182CCB422EFEFBD900C451D5 /* MainFlowController */ = {
			isa = PBXGroup;
			children = (
				182CCB272EFEFBD900C451D5 /* MainFlowController.swift */,
			);
			path = MainFlowController;
			sourceTree = "<group>";
		};
		182CCB432EFEFBD900C451D5 /* EventDetailsScreen */ = {
			isa = PBXGroup;
			children = (
				182CCB292EFEFBD900C451D5 /* EventDetailsAssembly.swift */,
				182CCB442EFEFBD900C451D5 /* Model */,
				182CCB452EFEFBD900C451D5 /* Service */,
				182CCB462EFEFBD900C451D5 /* Presenter */,
				182CCB472EFEFBD900C451D5 /* ViewModelFactory */,
				182CCB482EFEFBD900C451D5 /* View */,
			);
			path = EventDetailsScreen;
			sourceTree = "<group>";
		};
		182CCB442EFEFBD900C451D5 /* Model */ = {
			isa = PBXGroup;
			children = (
				182CCB2B2EFEFBD900C451D5 /* EventDetailsModel.swift */,
			);
			path = Model;
			sourceTree = "<group>";
		};
		182CCB452EFEFBD900C451D5 /* Service */ = {
			isa = PBXGroup;
			children = (
				182CCB2D2EFEFBD900C451D5 /* EventDetailsService.swift */,
			);
			path = Service;
			sourceTree = "<group>";
		};
		182CCB462EFEFBD900C451D5 /* Presenter */ = {
			isa = PBXGroup;
			children = (
				182CCB2F2EFEFBD900C451D5 /* EventDetailsPresenter.swift */,
			);
			path = Presenter;
			sourceTree = "<group>";
		};
		182CCB472EFEFBD900C451D5 /* ViewModelFactory */ = {
			isa = PBXGroup;
			children = (
				182CCB312EFEFBD900C451D5 /* EventDetailsViewModelFactory.swift */,
				182CCB492EFEFBD900C451D5 /* ViewModels */,
			);
			path = ViewModelFactory;
			sourceTree = "<group>";
		};
		182CCB482EFEFBD900C451D5 /* View */ = {
			isa = PBXGroup;
			children = (
				182CCB352EFEFBD900C451D5 /* EventDetailsViewController.swift */,
				182CCB4A2EFEFBD900C451D5 /* Cells */,
				182CCB4B2EFEFBD900C451D5 /* Components */,
			);
			path = View;
			sourceTree = "<group>";
		};
		182CCB492EFEFBD900C451D5 /* ViewModels */ = {
			isa = PBXGroup;
			children = (
				182CCB332EFEFBD900C451D5 /* EventDetailsViewModels.swift */,
			);
			path = ViewModels;
			sourceTree = "<group>";
		};
		182CCB4A2EFEFBD900C451D5 /* Cells */ = {
			isa = PBXGroup;
			children = (
				182CCB372EFEFBD900C451D5 /* EventInfoCell.swift */,
				182CCB392EFEFBD900C451D5 /* ParticipantCell.swift */,
			);
			path = Cells;
			sourceTree = "<group>";
		};
		182CCB4B2EFEFBD900C451D5 /* Components */ = {
			isa = PBXGroup;
			children = (
				182CCB3B2EFEFBD900C451D5 /* EventDetailsHeaderView.swift */,
				182CCB3D2EFEFBD900C451D5 /* ParticipantsSectionView.swift */,
				182CCB3F2EFEFBD900C451D5 /* CustomAlertViewController.swift */,
			);
			path = Components;
			sourceTree = "<group>";
		};
/* End PBXGroup section */

/* Begin PBXNativeTarget section */
		182CCAEC2EFEFBD800C451D5 /* VolleyMe */ = {
			isa = PBXNativeTarget;
			buildConfigurationList = 182CCB012EFEFBD900C451D5 /* Build configuration list for PBXNativeTarget "VolleyMe" */;
			buildPhases = (
				182CCAE92EFEFBD800C451D5 /* Sources */,
				182CCAEA2EFEFBD800C451D5 /* Frameworks */,
				182CCAEB2EFEFBD800C451D5 /* Resources */,
			);
			buildRules = (
			);
			dependencies = (
			);
			name = VolleyMe;
			productName = VolleyMe;
			productReference = 182CCAED2EFEFBD800C451D5 /* VolleyMe.app */;
			productType = "com.apple.product-type.application";
		};
/* End PBXNativeTarget section */

/* Begin PBXProject section */
		182CCAE52EFEFBD800C451D5 /* Project object */ = {
			isa = PBXProject;
			attributes = {
				BuildIndependentTargetsInParallel = 1;
				LastSwiftUpdateCheck = 1500;
				LastUpgradeCheck = 1500;
				TargetAttributes = {
					182CCAEC2EFEFBD800C451D5 = {
						CreatedOnToolsVersion = 15.0.1;
					};
				};
			};
			buildConfigurationList = 182CCAE82EFEFBD800C451D5 /* Build configuration list for PBXProject "VolleyMe" */;
			compatibilityVersion = "Xcode 14.0";
			developmentRegion = en;
			hasScannedForEncodings = 0;
			knownRegions = (
				en,
				Base,
			);
			mainGroup = 182CCAE42EFEFBD800C451D5;
			productRefGroup = 182CCAEE2EFEFBD800C451D5 /* Products */;
			projectDirPath = "";
			projectRoot = "";
			targets = (
				182CCAEC2EFEFBD800C451D5 /* VolleyMe */,
			);
		};
/* End PBXProject section */

/* Begin PBXResourcesBuildPhase section */
		182CCAEB2EFEFBD800C451D5 /* Resources */ = {
			isa = PBXResourcesBuildPhase;
			buildActionMask = 2147483647;
			files = (
				182CCAFD2EFEFBD900C451D5 /* LaunchScreen.storyboard in Resources */,
				182CCAFA2EFEFBD900C451D5 /* Assets.xcassets in Resources */,
			);
			runOnlyForDeploymentPostprocessing = 0;
		};
/* End PBXResourcesBuildPhase section */

/* Begin PBXSourcesBuildPhase section */
		182CCAE92EFEFBD800C451D5 /* Sources */ = {
			isa = PBXSourcesBuildPhase;
			buildActionMask = 2147483647;
			files = (
				182CCAF12EFEFBD800C451D5 /* AppDelegate.swift in Sources */,
				182CCAF32EFEFBD800C451D5 /* SceneDelegate.swift in Sources */,
				182CCB042EFEFBD900C451D5 /* Coordinator.swift in Sources */,
				182CCB052EFEFBD900C451D5 /* AppCoordinator.swift in Sources */,
				182CCB0F2EFEFBD900C451D5 /* ViewProtocol.swift in Sources */,
				182CCB112EFEFBD900C451D5 /* PresenterProtocol.swift in Sources */,
				182CCB132EFEFBD900C451D5 /* ViewModelFactoryProtocol.swift in Sources */,
				182CCB152EFEFBD900C451D5 /* ViewModel.swift in Sources */,
				182CCB172EFEFBD900C451D5 /* AssemblyProtocol.swift in Sources */,
				182CCB242EFEFBD900C451D5 /* RequestProcessor.swift in Sources */,
				182CCB262EFEFBD900C451D5 /* MainFlowController.swift in Sources */,
				182CCB282EFEFBD900C451D5 /* EventDetailsAssembly.swift in Sources */,
				182CCB2A2EFEFBD900C451D5 /* EventDetailsModel.swift in Sources */,
				182CCB2C2EFEFBD900C451D5 /* EventDetailsService.swift in Sources */,
				182CCB2E2EFEFBD900C451D5 /* EventDetailsPresenter.swift in Sources */,
				182CCB302EFEFBD900C451D5 /* EventDetailsViewModelFactory.swift in Sources */,
				182CCB322EFEFBD900C451D5 /* EventDetailsViewModels.swift in Sources */,
				182CCB342EFEFBD900C451D5 /* EventDetailsViewController.swift in Sources */,
				182CCB362EFEFBD900C451D5 /* EventInfoCell.swift in Sources */,
				182CCB382EFEFBD900C451D5 /* ParticipantCell.swift in Sources */,
				182CCB3A2EFEFBD900C451D5 /* EventDetailsHeaderView.swift in Sources */,
				182CCB3C2EFEFBD900C451D5 /* ParticipantsSectionView.swift in Sources */,
				182CCB3E2EFEFBD900C451D5 /* CustomAlertViewController.swift in Sources */,
			);
			runOnlyForDeploymentPostprocessing = 0;
		};
/* End PBXSourcesBuildPhase section */

/* Begin PBXVariantGroup section */
		182CCAFB2EFEFBD900C451D5 /* LaunchScreen.storyboard */ = {
			isa = PBXVariantGroup;
			children = (
				182CCAFC2EFEFBD900C451D5 /* Base */,
			);
			name = LaunchScreen.storyboard;
			sourceTree = "<group>";
		};
/* End PBXVariantGroup section */

/* Begin XCBuildConfiguration section */
		182CCAFF2EFEFBD900C451D5 /* Debug */ = {
			isa = XCBuildConfiguration;
			buildSettings = {
				ALWAYS_SEARCH_USER_PATHS = NO;
				ASSETCATALOG_COMPILER_GENERATE_SWIFT_ASSET_SYMBOL_EXTENSIONS = YES;
				CLANG_ANALYZER_NONNULL = YES;
				CLANG_ANALYZER_NUMBER_OBJECT_CONVERSION = YES_AGGRESSIVE;
				CLANG_CXX_LANGUAGE_STANDARD = "gnu++20";
				CLANG_ENABLE_MODULES = YES;
				CLANG_ENABLE_OBJC_ARC = YES;
				CLANG_ENABLE_OBJC_WEAK = YES;
				CLANG_WARN_BLOCK_CAPTURE_AUTORELEASING = YES;
				CLANG_WARN_BOOL_CONVERSION = YES;
				CLANG_WARN_COMMA = YES;
				CLANG_WARN_CONSTANT_CONVERSION = YES;
				CLANG_WARN_DEPRECATED_OBJC_IMPLEMENTATIONS = YES;
				CLANG_WARN_DIRECT_OBJC_ISA_USAGE = YES_ERROR;
				CLANG_WARN_DOCUMENTATION_COMMENTS = YES;
				CLANG_WARN_EMPTY_BODY = YES;
				CLANG_WARN_ENUM_CONVERSION = YES;
				CLANG_WARN_INFINITE_RECURSION = YES;
				CLANG_WARN_INT_CONVERSION = YES;
				CLANG_WARN_NON_LITERAL_NULL_CONVERSION = YES;
				CLANG_WARN_OBJC_IMPLICIT_RETAIN_SELF = YES;
				CLANG_WARN_OBJC_LITERAL_CONVERSION = YES;
				CLANG_WARN_OBJC_ROOT_CLASS = YES_ERROR;
				CLANG_WARN_QUOTED_INCLUDE_IN_FRAMEWORK_HEADER = YES;
				CLANG_WARN_RANGE_LOOP_ANALYSIS = YES;
				CLANG_WARN_STRICT_PROTOTYPES = YES;
				CLANG_WARN_SUSPICIOUS_MOVE = YES;
				CLANG_WARN_UNGUARDED_AVAILABILITY = YES_AGGRESSIVE;
				CLANG_WARN_UNREACHABLE_CODE = YES;
				CLANG_WARN__DUPLICATE_METHOD_MATCH = YES;
				COPY_PHASE_STRIP = NO;
				DEBUG_INFORMATION_FORMAT = dwarf;
				ENABLE_STRICT_OBJC_MSGSEND = YES;
				ENABLE_TESTABILITY = YES;
				ENABLE_USER_SCRIPT_SANDBOXING = YES;
				GCC_C_LANGUAGE_STANDARD = gnu17;
				GCC_DYNAMIC_NO_PIC = NO;
				GCC_NO_COMMON_BLOCKS = YES;
				GCC_OPTIMIZATION_LEVEL = 0;
				GCC_PREPROCESSOR_DEFINITIONS = (
					"DEBUG=1",
					"$(inherited)",
				);
				GCC_WARN_64_TO_32_BIT_CONVERSION = YES;
				GCC_WARN_ABOUT_RETURN_TYPE = YES_ERROR;
				GCC_WARN_UNDECLARED_SELECTOR = YES;
				GCC_WARN_UNINITIALIZED_AUTOS = YES_AGGRESSIVE;
				GCC_WARN_UNUSED_FUNCTION = YES;
				GCC_WARN_UNUSED_VARIABLE = YES;
				IPHONEOS_DEPLOYMENT_TARGET = 17.0;
				LOCALIZATION_PREFERS_STRING_CATALOGS = YES;
				MTL_ENABLE_DEBUG_INFO = INCLUDE_SOURCE;
				MTL_FAST_MATH = YES;
				ONLY_ACTIVE_ARCH = YES;
				SDKROOT = iphoneos;
				SWIFT_ACTIVE_COMPILATION_CONDITIONS = "DEBUG $(inherited)";
				SWIFT_OPTIMIZATION_LEVEL = "-Onone";
			};
			name = Debug;
		};
		182CCB002EFEFBD900C451D5 /* Release */ = {
			isa = XCBuildConfiguration;
			buildSettings = {
				ALWAYS_SEARCH_USER_PATHS = NO;
				ASSETCATALOG_COMPILER_GENERATE_SWIFT_ASSET_SYMBOL_EXTENSIONS = YES;
				CLANG_ANALYZER_NONNULL = YES;
				CLANG_ANALYZER_NUMBER_OBJECT_CONVERSION = YES_AGGRESSIVE;
				CLANG_CXX_LANGUAGE_STANDARD = "gnu++20";
				CLANG_ENABLE_MODULES = YES;
				CLANG_ENABLE_OBJC_ARC = YES;
				CLANG_ENABLE_OBJC_WEAK = YES;
				CLANG_WARN_BLOCK_CAPTURE_AUTORELEASING = YES;
				CLANG_WARN_BOOL_CONVERSION = YES;
				CLANG_WARN_COMMA = YES;
				CLANG_WARN_CONSTANT_CONVERSION = YES;
				CLANG_WARN_DEPRECATED_OBJC_IMPLEMENTATIONS = YES;
				CLANG_WARN_DIRECT_OBJC_ISA_USAGE = YES_ERROR;
				CLANG_WARN_DOCUMENTATION_COMMENTS = YES;
				CLANG_WARN_EMPTY_BODY = YES;
				CLANG_WARN_ENUM_CONVERSION = YES;
				CLANG_WARN_INFINITE_RECURSION = YES;
				CLANG_WARN_INT_CONVERSION = YES;
				CLANG_WARN_NON_LITERAL_NULL_CONVERSION = YES;
				CLANG_WARN_OBJC_IMPLICIT_RETAIN_SELF = YES;
				CLANG_WARN_OBJC_LITERAL_CONVERSION = YES;
				CLANG_WARN_OBJC_ROOT_CLASS = YES_ERROR;
				CLANG_WARN_QUOTED_INCLUDE_IN_FRAMEWORK_HEADER = YES;
				CLANG_WARN_RANGE_LOOP_ANALYSIS = YES;
				CLANG_WARN_STRICT_PROTOTYPES = YES;
				CLANG_WARN_SUSPICIOUS_MOVE = YES;
				CLANG_WARN_UNGUARDED_AVAILABILITY = YES_AGGRESSIVE;
				CLANG_WARN_UNREACHABLE_CODE = YES;
				CLANG_WARN__DUPLICATE_METHOD_MATCH = YES;
				COPY_PHASE_STRIP = NO;
				DEBUG_INFORMATION_FORMAT = "dwarf-with-dsym";
				ENABLE_NS_ASSERTIONS = NO;
				ENABLE_STRICT_OBJC_MSGSEND = YES;
				ENABLE_USER_SCRIPT_SANDBOXING = YES;
				GCC_C_LANGUAGE_STANDARD = gnu17;
				GCC_NO_COMMON_BLOCKS = YES;
				GCC_WARN_64_TO_32_BIT_CONVERSION = YES;
				GCC_WARN_ABOUT_RETURN_TYPE = YES_ERROR;
				GCC_WARN_UNDECLARED_SELECTOR = YES;
				GCC_WARN_UNINITIALIZED_AUTOS = YES_AGGRESSIVE;
				GCC_WARN_UNUSED_FUNCTION = YES;
				GCC_WARN_UNUSED_VARIABLE = YES;
				IPHONEOS_DEPLOYMENT_TARGET = 17.0;
				LOCALIZATION_PREFERS_STRING_CATALOGS = YES;
				MTL_ENABLE_DEBUG_INFO = NO;
				MTL_FAST_MATH = YES;
				SDKROOT = iphoneos;
				SWIFT_COMPILATION_MODE = wholemodule;
				VALIDATE_PRODUCT = YES;
			};
			name = Release;
		};
		182CCB022EFEFBD900C451D5 /* Debug */ = {
			isa = XCBuildConfiguration;
			buildSettings = {
				ASSETCATALOG_COMPILER_APPICON_NAME = AppIcon;
				ASSETCATALOG_COMPILER_GLOBAL_ACCENT_COLOR_NAME = AccentColor;
				CODE_SIGN_STYLE = Automatic;
				CURRENT_PROJECT_VERSION = 1;
				DEVELOPMENT_TEAM = R82UJBY7FF;
				GENERATE_INFOPLIST_FILE = YES;
				INFOPLIST_FILE = VolleyMe/Info.plist;
				INFOPLIST_KEY_UIApplicationSupportsIndirectInputEvents = YES;
				INFOPLIST_KEY_UILaunchStoryboardName = LaunchScreen;
				INFOPLIST_KEY_UISupportedInterfaceOrientations_iPad = "UIInterfaceOrientationPortrait UIInterfaceOrientationPortraitUpsideDown UIInterfaceOrientationLandscapeLeft UIInterfaceOrientationLandscapeRight";
				INFOPLIST_KEY_UISupportedInterfaceOrientations_iPhone = "UIInterfaceOrientationPortrait UIInterfaceOrientationLandscapeLeft UIInterfaceOrientationLandscapeRight";
				LD_RUNPATH_SEARCH_PATHS = (
					"$(inherited)",
					"@executable_path/Frameworks",
				);
				MARKETING_VERSION = 1.0;
				PRODUCT_BUNDLE_IDENTIFIER = ArturDev.VolleyMe;
				PRODUCT_NAME = "$(TARGET_NAME)";
				SWIFT_EMIT_LOC_STRINGS = YES;
				SWIFT_VERSION = 5.0;
				TARGETED_DEVICE_FAMILY = "1,2";
			};
			name = Debug;
		};
		182CCB232EFEFBD900C451D5 /* Release */ = {
			isa = XCBuildConfiguration;
			buildSettings = {
				ASSETCATALOG_COMPILER_APPICON_NAME = AppIcon;
				ASSETCATALOG_COMPILER_GLOBAL_ACCENT_COLOR_NAME = AccentColor;
				CODE_SIGN_STYLE = Automatic;
				CURRENT_PROJECT_VERSION = 1;
				DEVELOPMENT_TEAM = R82UJBY7FF;
				GENERATE_INFOPLIST_FILE = YES;
				INFOPLIST_FILE = VolleyMe/Info.plist;
				INFOPLIST_KEY_UIApplicationSupportsIndirectInputEvents = YES;
				INFOPLIST_KEY_UILaunchStoryboardName = LaunchScreen;
				INFOPLIST_KEY_UISupportedInterfaceOrientations_iPad = "UIInterfaceOrientationPortrait UIInterfaceOrientationPortraitUpsideDown UIInterfaceOrientationLandscapeLeft UIInterfaceOrientationLandscapeRight";
				INFOPLIST_KEY_UISupportedInterfaceOrientations_iPhone = "UIInterfaceOrientationPortrait UIInterfaceOrientationLandscapeLeft UIInterfaceOrientationLandscapeRight";
				LD_RUNPATH_SEARCH_PATHS = (
					"$(inherited)",
					"@executable_path/Frameworks",
				);
				MARKETING_VERSION = 1.0;
				PRODUCT_BUNDLE_IDENTIFIER = ArturDev.VolleyMe;
				PRODUCT_NAME = "$(TARGET_NAME)";
				SWIFT_EMIT_LOC_STRINGS = YES;
				SWIFT_VERSION = 5.0;
				TARGETED_DEVICE_FAMILY = "1,2";
			};
			name = Release;
		};
/* End XCBuildConfiguration section */

/* Begin XCConfigurationList section */
		182CCAE82EFEFBD800C451D5 /* Build configuration list for PBXProject "VolleyMe" */ = {
			isa = XCConfigurationList;
			buildConfigurations = (
				182CCAFF2EFEFBD900C451D5 /* Debug */,
				182CCB002EFEFBD900C451D5 /* Release */,
			);
			defaultConfigurationIsVisible = 0;
			defaultConfigurationName = Release;
		};
		182CCB012EFEFBD900C451D5 /* Build configuration list for PBXNativeTarget "VolleyMe" */ = {
			isa = XCConfigurationList;
			buildConfigurations = (
				182CCB022EFEFBD900C451D5 /* Debug */,
				182CCB232EFEFBD900C451D5 /* Release */,
			);
			defaultConfigurationIsVisible = 0;
			defaultConfigurationName = Release;
		};
/* End XCConfigurationList section */
	};
	rootObject = 182CCAE52EFEFBD800C451D5 /* Project object */;
}
